// !$*UTF8*$!
{
	archiveVersion = 1;
	classes = {
	};
	objectVersion = 46;
	objects = {

/* Begin PBXBuildFile section */
		4A97C952E583F70673F3F803 /* libPods.a in Frameworks */ = {isa = PBXBuildFile; fileRef = BF9E643DBA1E8D6E7E6558EC /* libPods.a */; };
		D65F37401AFEF868007B534C /* JYOrderCardCell.m in Sources */ = {isa = PBXBuildFile; fileRef = D65F373F1AFEF868007B534C /* JYOrderCardCell.m */; };
		D65F37431B04786A007B534C /* JYOrdersEngagedViewController.m in Sources */ = {isa = PBXBuildFile; fileRef = D65F37421B04786A007B534C /* JYOrdersEngagedViewController.m */; };
		D65F374A1B0485A7007B534C /* JYCommentViewCell.m in Sources */ = {isa = PBXBuildFile; fileRef = D65F37491B0485A7007B534C /* JYCommentViewCell.m */; };
		D679F0231B1C1513004F1C37 /* JYAccountIndividualViewController.m in Sources */ = {isa = PBXBuildFile; fileRef = D679F0221B1C1513004F1C37 /* JYAccountIndividualViewController.m */; };
		D679F02A1B1C3B41004F1C37 /* JYFloatLabeledTextFieldCell.m in Sources */ = {isa = PBXBuildFile; fileRef = D679F0291B1C3B41004F1C37 /* JYFloatLabeledTextFieldCell.m */; };
		D679F02D1B1ED683004F1C37 /* JYAccountCompanyViewController.m in Sources */ = {isa = PBXBuildFile; fileRef = D679F02C1B1ED683004F1C37 /* JYAccountCompanyViewController.m */; };
		D679F0341B295525004F1C37 /* JYFixedLengthRowValidator.m in Sources */ = {isa = PBXBuildFile; fileRef = D679F0331B295525004F1C37 /* JYFixedLengthRowValidator.m */; };
		D679F0371B296225004F1C37 /* JYAccountBaseViewController.m in Sources */ = {isa = PBXBuildFile; fileRef = D679F0361B296225004F1C37 /* JYAccountBaseViewController.m */; };
		D679F03A1B2A2435004F1C37 /* JYAccountViewController.m in Sources */ = {isa = PBXBuildFile; fileRef = D679F0391B2A2435004F1C37 /* JYAccountViewController.m */; };
		D679F03E1B30E58D004F1C37 /* JYOrdersEngagedBaseViewController.m in Sources */ = {isa = PBXBuildFile; fileRef = D679F03D1B30E58D004F1C37 /* JYOrdersEngagedBaseViewController.m */; };
		D6C82B591B0DA5CE00876F57 /* JYCommentsViewController.m in Sources */ = {isa = PBXBuildFile; fileRef = D6C82B581B0DA5CE00876F57 /* JYCommentsViewController.m */; };
		D6C82B601B0EFE0600876F57 /* JYCommentTextView.m in Sources */ = {isa = PBXBuildFile; fileRef = D6C82B5F1B0EFE0600876F57 /* JYCommentTextView.m */; };
		D6C82B6F1B128E9700876F57 /* JYBid.m in Sources */ = {isa = PBXBuildFile; fileRef = D6C82B6C1B128E9700876F57 /* JYBid.m */; };
		D6C82B701B128E9700876F57 /* JYComment.m in Sources */ = {isa = PBXBuildFile; fileRef = D6C82B6E1B128E9700876F57 /* JYComment.m */; };
		D6C82B771B13EB3D00876F57 /* JYOrdersBaseViewController.m in Sources */ = {isa = PBXBuildFile; fileRef = D6C82B761B13EB3D00876F57 /* JYOrdersBaseViewController.m */; };
		D6F49F891AF595F2001A3C89 /* main.m in Sources */ = {isa = PBXBuildFile; fileRef = D6F49F881AF595F2001A3C89 /* main.m */; };
		D6F49F8C1AF595F2001A3C89 /* AppDelegate.m in Sources */ = {isa = PBXBuildFile; fileRef = D6F49F8B1AF595F2001A3C89 /* AppDelegate.m */; };
		D6F49F971AF595F2001A3C89 /* Images.xcassets in Resources */ = {isa = PBXBuildFile; fileRef = D6F49F961AF595F2001A3C89 /* Images.xcassets */; };
		D6F49F9A1AF595F2001A3C89 /* LaunchScreen.xib in Resources */ = {isa = PBXBuildFile; fileRef = D6F49F981AF595F2001A3C89 /* LaunchScreen.xib */; };
		D6F49FF61AF5DB4D001A3C89 /* Constants.m in Sources */ = {isa = PBXBuildFile; fileRef = D6F49FB11AF5DB4D001A3C89 /* Constants.m */; };
		D6F49FF81AF5DB4D001A3C89 /* DataStore.m in Sources */ = {isa = PBXBuildFile; fileRef = D6F49FB31AF5DB4D001A3C89 /* DataStore.m */; };
		D6F49FFA1AF5DB4D001A3C89 /* JYAutoCompleteDataSource.m in Sources */ = {isa = PBXBuildFile; fileRef = D6F49FB51AF5DB4D001A3C89 /* JYAutoCompleteDataSource.m */; };
		D6F49FFC1AF5DB4D001A3C89 /* JYAutocompleteTextField.m in Sources */ = {isa = PBXBuildFile; fileRef = D6F49FB71AF5DB4D001A3C89 /* JYAutocompleteTextField.m */; };
		D6F49FFE1AF5DB4D001A3C89 /* JYBidViewCell.m in Sources */ = {isa = PBXBuildFile; fileRef = D6F49FB91AF5DB4D001A3C89 /* JYBidViewCell.m */; };
		D6F4A0001AF5DB4D001A3C89 /* JYButton.m in Sources */ = {isa = PBXBuildFile; fileRef = D6F49FBB1AF5DB4D001A3C89 /* JYButton.m */; };
		D6F4A0021AF5DB4D001A3C89 /* JYCollectionViewCell.m in Sources */ = {isa = PBXBuildFile; fileRef = D6F49FBD1AF5DB4D001A3C89 /* JYCollectionViewCell.m */; };
		D6F4A0041AF5DB4D001A3C89 /* JYDateView.m in Sources */ = {isa = PBXBuildFile; fileRef = D6F49FBF1AF5DB4D001A3C89 /* JYDateView.m */; };
		D6F4A0061AF5DB4D001A3C89 /* JYExpandViewController.m in Sources */ = {isa = PBXBuildFile; fileRef = D6F49FC11AF5DB4D001A3C89 /* JYExpandViewController.m */; };
		D6F4A0081AF5DB4D001A3C89 /* JYFloatLabeledTextField.m in Sources */ = {isa = PBXBuildFile; fileRef = D6F49FC31AF5DB4D001A3C89 /* JYFloatLabeledTextField.m */; };
		D6F4A00A1AF5DB4D001A3C89 /* JYMapDashBoardView.m in Sources */ = {isa = PBXBuildFile; fileRef = D6F49FC51AF5DB4D001A3C89 /* JYMapDashBoardView.m */; };
		D6F4A00C1AF5DB4D001A3C89 /* JYOrder.m in Sources */ = {isa = PBXBuildFile; fileRef = D6F49FC71AF5DB4D001A3C89 /* JYOrder.m */; };
		D6F4A00E1AF5DB4D001A3C89 /* JYOrderCard.m in Sources */ = {isa = PBXBuildFile; fileRef = D6F49FC91AF5DB4D001A3C89 /* JYOrderCard.m */; };
		D6F4A0141AF5DB4D001A3C89 /* JYPanGestureRecognizer.m in Sources */ = {isa = PBXBuildFile; fileRef = D6F49FCF1AF5DB4D001A3C89 /* JYPanGestureRecognizer.m */; };
		D6F4A0161AF5DB4D001A3C89 /* JYPinAnnotationView.m in Sources */ = {isa = PBXBuildFile; fileRef = D6F49FD11AF5DB4D001A3C89 /* JYPinAnnotationView.m */; };
		D6F4A0181AF5DB4D001A3C89 /* JYPinchGestureRecognizer.m in Sources */ = {isa = PBXBuildFile; fileRef = D6F49FD31AF5DB4D001A3C89 /* JYPinchGestureRecognizer.m */; };
		D6F4A01A1AF5DB4D001A3C89 /* JYPlacesViewCell.m in Sources */ = {isa = PBXBuildFile; fileRef = D6F49FD51AF5DB4D001A3C89 /* JYPlacesViewCell.m */; };
		D6F4A01C1AF5DB4D001A3C89 /* JYPlacesViewController.m in Sources */ = {isa = PBXBuildFile; fileRef = D6F49FD71AF5DB4D001A3C89 /* JYPlacesViewController.m */; };
		D6F4A01E1AF5DB4D001A3C89 /* JYPriceTextFieldCell.m in Sources */ = {isa = PBXBuildFile; fileRef = D6F49FD91AF5DB4D001A3C89 /* JYPriceTextFieldCell.m */; };
		D6F4A0201AF5DB4D001A3C89 /* JYRestrictedTextViewCell.m in Sources */ = {isa = PBXBuildFile; fileRef = D6F49FDB1AF5DB4D001A3C89 /* JYRestrictedTextViewCell.m */; };
		D6F4A0221AF5DB4D001A3C89 /* JYServiceCategory.m in Sources */ = {isa = PBXBuildFile; fileRef = D6F49FDD1AF5DB4D001A3C89 /* JYServiceCategory.m */; };
		D6F4A0241AF5DB4D001A3C89 /* JYSignBaseViewController.m in Sources */ = {isa = PBXBuildFile; fileRef = D6F49FDF1AF5DB4D001A3C89 /* JYSignBaseViewController.m */; };
		D6F4A0261AF5DB4D001A3C89 /* JYSignInViewController.m in Sources */ = {isa = PBXBuildFile; fileRef = D6F49FE11AF5DB4D001A3C89 /* JYSignInViewController.m */; };
		D6F4A0281AF5DB4D001A3C89 /* JYSignUpViewController.m in Sources */ = {isa = PBXBuildFile; fileRef = D6F49FE31AF5DB4D001A3C89 /* JYSignUpViewController.m */; };
		D6F4A02A1AF5DB4D001A3C89 /* JYSignViewController.m in Sources */ = {isa = PBXBuildFile; fileRef = D6F49FE51AF5DB4D001A3C89 /* JYSignViewController.m */; };
		D6F4A02C1AF5DB4D001A3C89 /* JYUser.m in Sources */ = {isa = PBXBuildFile; fileRef = D6F49FE71AF5DB4D001A3C89 /* JYUser.m */; };
		D6F4A02E1AF5DB4D001A3C89 /* NSMutableDictionary+Joyy.m in Sources */ = {isa = PBXBuildFile; fileRef = D6F49FE91AF5DB4D001A3C89 /* NSMutableDictionary+Joyy.m */; };
		D6F4A0301AF5DB4D001A3C89 /* NSString+Joyy.m in Sources */ = {isa = PBXBuildFile; fileRef = D6F49FEB1AF5DB4D001A3C89 /* NSString+Joyy.m */; };
		D6F4A0321AF5DB4D001A3C89 /* UIColor+Joyy.m in Sources */ = {isa = PBXBuildFile; fileRef = D6F49FED1AF5DB4D001A3C89 /* UIColor+Joyy.m */; };
		D6F4A0341AF5DB4D001A3C89 /* UICustomActionSheet.m in Sources */ = {isa = PBXBuildFile; fileRef = D6F49FEF1AF5DB4D001A3C89 /* UICustomActionSheet.m */; };
		D6F4A0361AF5DB4D001A3C89 /* UIFont+Joyy.m in Sources */ = {isa = PBXBuildFile; fileRef = D6F49FF11AF5DB4D001A3C89 /* UIFont+Joyy.m */; };
		D6F4A0381AF5DB4D001A3C89 /* UIImageEffects.m in Sources */ = {isa = PBXBuildFile; fileRef = D6F49FF31AF5DB4D001A3C89 /* UIImageEffects.m */; };
		D6F4A03A1AF5DB4D001A3C89 /* UIView+Joyy.m in Sources */ = {isa = PBXBuildFile; fileRef = D6F49FF51AF5DB4D001A3C89 /* UIView+Joyy.m */; };
		D6F4A0421AF5DCCD001A3C89 /* JYBidCreateViewController.m in Sources */ = {isa = PBXBuildFile; fileRef = D6F4A0411AF5DCCD001A3C89 /* JYBidCreateViewController.m */; };
		D6F4A0461AF5DD04001A3C89 /* JYOrdersNearbyViewController.m in Sources */ = {isa = PBXBuildFile; fileRef = D6F4A0451AF5DD04001A3C89 /* JYOrdersNearbyViewController.m */; };
		D6F4A04E1AF6A0B2001A3C89 /* AppConst.m in Sources */ = {isa = PBXBuildFile; fileRef = D6F4A04D1AF6A0B2001A3C89 /* AppConst.m */; };
		D6F4A0551AF6D188001A3C89 /* JYOrdersTodoViewController.m in Sources */ = {isa = PBXBuildFile; fileRef = D6F4A0541AF6D188001A3C89 /* JYOrdersTodoViewController.m */; };
/* End PBXBuildFile section */

/* Begin PBXFileReference section */
		BF9E643DBA1E8D6E7E6558EC /* libPods.a */ = {isa = PBXFileReference; explicitFileType = archive.ar; includeInIndex = 0; path = libPods.a; sourceTree = BUILT_PRODUCTS_DIR; };
		D65F373E1AFEF868007B534C /* JYOrderCardCell.h */ = {isa = PBXFileReference; fileEncoding = 4; lastKnownFileType = sourcecode.c.h; path = JYOrderCardCell.h; sourceTree = "<group>"; };
		D65F373F1AFEF868007B534C /* JYOrderCardCell.m */ = {isa = PBXFileReference; fileEncoding = 4; lastKnownFileType = sourcecode.c.objc; path = JYOrderCardCell.m; sourceTree = "<group>"; };
		D65F37411B04786A007B534C /* JYOrdersEngagedViewController.h */ = {isa = PBXFileReference; fileEncoding = 4; lastKnownFileType = sourcecode.c.h; path = JYOrdersEngagedViewController.h; sourceTree = "<group>"; };
		D65F37421B04786A007B534C /* JYOrdersEngagedViewController.m */ = {isa = PBXFileReference; fileEncoding = 4; lastKnownFileType = sourcecode.c.objc; path = JYOrdersEngagedViewController.m; sourceTree = "<group>"; };
		D65F37481B0485A7007B534C /* JYCommentViewCell.h */ = {isa = PBXFileReference; fileEncoding = 4; lastKnownFileType = sourcecode.c.h; name = JYCommentViewCell.h; path = joyyios/JYCommentViewCell.h; sourceTree = SOURCE_ROOT; };
		D65F37491B0485A7007B534C /* JYCommentViewCell.m */ = {isa = PBXFileReference; fileEncoding = 4; lastKnownFileType = sourcecode.c.objc; name = JYCommentViewCell.m; path = joyyios/JYCommentViewCell.m; sourceTree = SOURCE_ROOT; };
		D679F0211B1C1513004F1C37 /* JYAccountIndividualViewController.h */ = {isa = PBXFileReference; fileEncoding = 4; lastKnownFileType = sourcecode.c.h; path = JYAccountIndividualViewController.h; sourceTree = "<group>"; };
		D679F0221B1C1513004F1C37 /* JYAccountIndividualViewController.m */ = {isa = PBXFileReference; fileEncoding = 4; lastKnownFileType = sourcecode.c.objc; path = JYAccountIndividualViewController.m; sourceTree = "<group>"; };
		D679F0281B1C3B41004F1C37 /* JYFloatLabeledTextFieldCell.h */ = {isa = PBXFileReference; fileEncoding = 4; lastKnownFileType = sourcecode.c.h; name = JYFloatLabeledTextFieldCell.h; path = joyyios/JYFloatLabeledTextFieldCell.h; sourceTree = SOURCE_ROOT; };
		D679F0291B1C3B41004F1C37 /* JYFloatLabeledTextFieldCell.m */ = {isa = PBXFileReference; fileEncoding = 4; lastKnownFileType = sourcecode.c.objc; name = JYFloatLabeledTextFieldCell.m; path = joyyios/JYFloatLabeledTextFieldCell.m; sourceTree = SOURCE_ROOT; };
		D679F02B1B1ED683004F1C37 /* JYAccountCompanyViewController.h */ = {isa = PBXFileReference; fileEncoding = 4; lastKnownFileType = sourcecode.c.h; path = JYAccountCompanyViewController.h; sourceTree = "<group>"; };
		D679F02C1B1ED683004F1C37 /* JYAccountCompanyViewController.m */ = {isa = PBXFileReference; fileEncoding = 4; lastKnownFileType = sourcecode.c.objc; path = JYAccountCompanyViewController.m; sourceTree = "<group>"; };
		D679F0321B295525004F1C37 /* JYFixedLengthRowValidator.h */ = {isa = PBXFileReference; fileEncoding = 4; lastKnownFileType = sourcecode.c.h; name = JYFixedLengthRowValidator.h; path = joyyios/JYFixedLengthRowValidator.h; sourceTree = SOURCE_ROOT; };
		D679F0331B295525004F1C37 /* JYFixedLengthRowValidator.m */ = {isa = PBXFileReference; fileEncoding = 4; lastKnownFileType = sourcecode.c.objc; name = JYFixedLengthRowValidator.m; path = joyyios/JYFixedLengthRowValidator.m; sourceTree = SOURCE_ROOT; };
		D679F0351B296225004F1C37 /* JYAccountBaseViewController.h */ = {isa = PBXFileReference; fileEncoding = 4; lastKnownFileType = sourcecode.c.h; path = JYAccountBaseViewController.h; sourceTree = "<group>"; };
		D679F0361B296225004F1C37 /* JYAccountBaseViewController.m */ = {isa = PBXFileReference; fileEncoding = 4; lastKnownFileType = sourcecode.c.objc; path = JYAccountBaseViewController.m; sourceTree = "<group>"; };
		D679F0381B2A2435004F1C37 /* JYAccountViewController.h */ = {isa = PBXFileReference; fileEncoding = 4; lastKnownFileType = sourcecode.c.h; path = JYAccountViewController.h; sourceTree = "<group>"; };
		D679F0391B2A2435004F1C37 /* JYAccountViewController.m */ = {isa = PBXFileReference; fileEncoding = 4; lastKnownFileType = sourcecode.c.objc; path = JYAccountViewController.m; sourceTree = "<group>"; };
		D679F03C1B30E58D004F1C37 /* JYOrdersEngagedBaseViewController.h */ = {isa = PBXFileReference; fileEncoding = 4; lastKnownFileType = sourcecode.c.h; path = JYOrdersEngagedBaseViewController.h; sourceTree = "<group>"; };
		D679F03D1B30E58D004F1C37 /* JYOrdersEngagedBaseViewController.m */ = {isa = PBXFileReference; fileEncoding = 4; lastKnownFileType = sourcecode.c.objc; path = JYOrdersEngagedBaseViewController.m; sourceTree = "<group>"; };
		D6C82B571B0DA5CE00876F57 /* JYCommentsViewController.h */ = {isa = PBXFileReference; fileEncoding = 4; lastKnownFileType = sourcecode.c.h; name = JYCommentsViewController.h; path = joyyios/JYCommentsViewController.h; sourceTree = SOURCE_ROOT; };
		D6C82B581B0DA5CE00876F57 /* JYCommentsViewController.m */ = {isa = PBXFileReference; fileEncoding = 4; lastKnownFileType = sourcecode.c.objc; name = JYCommentsViewController.m; path = joyyios/JYCommentsViewController.m; sourceTree = SOURCE_ROOT; };
		D6C82B5E1B0EFE0600876F57 /* JYCommentTextView.h */ = {isa = PBXFileReference; fileEncoding = 4; lastKnownFileType = sourcecode.c.h; name = JYCommentTextView.h; path = joyyios/JYCommentTextView.h; sourceTree = SOURCE_ROOT; };
		D6C82B5F1B0EFE0600876F57 /* JYCommentTextView.m */ = {isa = PBXFileReference; fileEncoding = 4; lastKnownFileType = sourcecode.c.objc; name = JYCommentTextView.m; path = joyyios/JYCommentTextView.m; sourceTree = SOURCE_ROOT; };
		D6C82B6B1B128E9700876F57 /* JYBid.h */ = {isa = PBXFileReference; fileEncoding = 4; lastKnownFileType = sourcecode.c.h; name = JYBid.h; path = joyyios/JYBid.h; sourceTree = SOURCE_ROOT; };
		D6C82B6C1B128E9700876F57 /* JYBid.m */ = {isa = PBXFileReference; fileEncoding = 4; lastKnownFileType = sourcecode.c.objc; name = JYBid.m; path = joyyios/JYBid.m; sourceTree = SOURCE_ROOT; };
		D6C82B6D1B128E9700876F57 /* JYComment.h */ = {isa = PBXFileReference; fileEncoding = 4; lastKnownFileType = sourcecode.c.h; name = JYComment.h; path = joyyios/JYComment.h; sourceTree = SOURCE_ROOT; };
		D6C82B6E1B128E9700876F57 /* JYComment.m */ = {isa = PBXFileReference; fileEncoding = 4; lastKnownFileType = sourcecode.c.objc; name = JYComment.m; path = joyyios/JYComment.m; sourceTree = SOURCE_ROOT; };
		D6C82B751B13EB3D00876F57 /* JYOrdersBaseViewController.h */ = {isa = PBXFileReference; fileEncoding = 4; lastKnownFileType = sourcecode.c.h; name = JYOrdersBaseViewController.h; path = joyyios/JYOrdersBaseViewController.h; sourceTree = SOURCE_ROOT; };
		D6C82B761B13EB3D00876F57 /* JYOrdersBaseViewController.m */ = {isa = PBXFileReference; fileEncoding = 4; lastKnownFileType = sourcecode.c.objc; name = JYOrdersBaseViewController.m; path = joyyios/JYOrdersBaseViewController.m; sourceTree = SOURCE_ROOT; };
		D6F49F831AF595F2001A3C89 /* joyyor.app */ = {isa = PBXFileReference; explicitFileType = wrapper.application; includeInIndex = 0; path = joyyor.app; sourceTree = BUILT_PRODUCTS_DIR; };
		D6F49F871AF595F2001A3C89 /* Info.plist */ = {isa = PBXFileReference; lastKnownFileType = text.plist.xml; path = Info.plist; sourceTree = "<group>"; };
		D6F49F881AF595F2001A3C89 /* main.m */ = {isa = PBXFileReference; lastKnownFileType = sourcecode.c.objc; path = main.m; sourceTree = "<group>"; };
		D6F49F8A1AF595F2001A3C89 /* AppDelegate.h */ = {isa = PBXFileReference; lastKnownFileType = sourcecode.c.h; path = AppDelegate.h; sourceTree = "<group>"; };
		D6F49F8B1AF595F2001A3C89 /* AppDelegate.m */ = {isa = PBXFileReference; lastKnownFileType = sourcecode.c.objc; path = AppDelegate.m; sourceTree = "<group>"; };
		D6F49F961AF595F2001A3C89 /* Images.xcassets */ = {isa = PBXFileReference; lastKnownFileType = folder.assetcatalog; path = Images.xcassets; sourceTree = "<group>"; };
		D6F49F991AF595F2001A3C89 /* Base */ = {isa = PBXFileReference; lastKnownFileType = file.xib; name = Base; path = Base.lproj/LaunchScreen.xib; sourceTree = "<group>"; };
		D6F49FA41AF595F2001A3C89 /* Info.plist */ = {isa = PBXFileReference; lastKnownFileType = text.plist.xml; path = Info.plist; sourceTree = "<group>"; };
		D6F49FA51AF595F2001A3C89 /* joyyorTests.m */ = {isa = PBXFileReference; lastKnownFileType = sourcecode.c.objc; path = joyyorTests.m; sourceTree = "<group>"; };
		D6F49FAF1AF5DA2B001A3C89 /* Prefix.pch */ = {isa = PBXFileReference; fileEncoding = 4; lastKnownFileType = sourcecode.c.h; path = Prefix.pch; sourceTree = SOURCE_ROOT; };
		D6F49FB01AF5DAE7001A3C89 /* Constants.h */ = {isa = PBXFileReference; fileEncoding = 4; lastKnownFileType = sourcecode.c.h; name = Constants.h; path = joyyios/Constants.h; sourceTree = SOURCE_ROOT; };
		D6F49FB11AF5DB4D001A3C89 /* Constants.m */ = {isa = PBXFileReference; fileEncoding = 4; lastKnownFileType = sourcecode.c.objc; name = Constants.m; path = joyyios/Constants.m; sourceTree = SOURCE_ROOT; };
		D6F49FB21AF5DB4D001A3C89 /* DataStore.h */ = {isa = PBXFileReference; fileEncoding = 4; lastKnownFileType = sourcecode.c.h; name = DataStore.h; path = joyyios/DataStore.h; sourceTree = SOURCE_ROOT; };
		D6F49FB31AF5DB4D001A3C89 /* DataStore.m */ = {isa = PBXFileReference; fileEncoding = 4; lastKnownFileType = sourcecode.c.objc; name = DataStore.m; path = joyyios/DataStore.m; sourceTree = SOURCE_ROOT; };
		D6F49FB41AF5DB4D001A3C89 /* JYAutoCompleteDataSource.h */ = {isa = PBXFileReference; fileEncoding = 4; lastKnownFileType = sourcecode.c.h; name = JYAutoCompleteDataSource.h; path = joyyios/JYAutoCompleteDataSource.h; sourceTree = SOURCE_ROOT; };
		D6F49FB51AF5DB4D001A3C89 /* JYAutoCompleteDataSource.m */ = {isa = PBXFileReference; fileEncoding = 4; lastKnownFileType = sourcecode.c.objc; name = JYAutoCompleteDataSource.m; path = joyyios/JYAutoCompleteDataSource.m; sourceTree = SOURCE_ROOT; };
		D6F49FB61AF5DB4D001A3C89 /* JYAutocompleteTextField.h */ = {isa = PBXFileReference; fileEncoding = 4; lastKnownFileType = sourcecode.c.h; name = JYAutocompleteTextField.h; path = joyyios/JYAutocompleteTextField.h; sourceTree = SOURCE_ROOT; };
		D6F49FB71AF5DB4D001A3C89 /* JYAutocompleteTextField.m */ = {isa = PBXFileReference; fileEncoding = 4; lastKnownFileType = sourcecode.c.objc; name = JYAutocompleteTextField.m; path = joyyios/JYAutocompleteTextField.m; sourceTree = SOURCE_ROOT; };
		D6F49FB81AF5DB4D001A3C89 /* JYBidViewCell.h */ = {isa = PBXFileReference; fileEncoding = 4; lastKnownFileType = sourcecode.c.h; name = JYBidViewCell.h; path = joyyios/JYBidViewCell.h; sourceTree = SOURCE_ROOT; };
		D6F49FB91AF5DB4D001A3C89 /* JYBidViewCell.m */ = {isa = PBXFileReference; fileEncoding = 4; lastKnownFileType = sourcecode.c.objc; name = JYBidViewCell.m; path = joyyios/JYBidViewCell.m; sourceTree = SOURCE_ROOT; };
		D6F49FBA1AF5DB4D001A3C89 /* JYButton.h */ = {isa = PBXFileReference; fileEncoding = 4; lastKnownFileType = sourcecode.c.h; name = JYButton.h; path = joyyios/JYButton.h; sourceTree = SOURCE_ROOT; };
		D6F49FBB1AF5DB4D001A3C89 /* JYButton.m */ = {isa = PBXFileReference; fileEncoding = 4; lastKnownFileType = sourcecode.c.objc; name = JYButton.m; path = joyyios/JYButton.m; sourceTree = SOURCE_ROOT; };
		D6F49FBC1AF5DB4D001A3C89 /* JYCollectionViewCell.h */ = {isa = PBXFileReference; fileEncoding = 4; lastKnownFileType = sourcecode.c.h; name = JYCollectionViewCell.h; path = joyyios/JYCollectionViewCell.h; sourceTree = SOURCE_ROOT; };
		D6F49FBD1AF5DB4D001A3C89 /* JYCollectionViewCell.m */ = {isa = PBXFileReference; fileEncoding = 4; lastKnownFileType = sourcecode.c.objc; name = JYCollectionViewCell.m; path = joyyios/JYCollectionViewCell.m; sourceTree = SOURCE_ROOT; };
		D6F49FBE1AF5DB4D001A3C89 /* JYDateView.h */ = {isa = PBXFileReference; fileEncoding = 4; lastKnownFileType = sourcecode.c.h; name = JYDateView.h; path = joyyios/JYDateView.h; sourceTree = SOURCE_ROOT; };
		D6F49FBF1AF5DB4D001A3C89 /* JYDateView.m */ = {isa = PBXFileReference; fileEncoding = 4; lastKnownFileType = sourcecode.c.objc; name = JYDateView.m; path = joyyios/JYDateView.m; sourceTree = SOURCE_ROOT; };
		D6F49FC01AF5DB4D001A3C89 /* JYExpandViewController.h */ = {isa = PBXFileReference; fileEncoding = 4; lastKnownFileType = sourcecode.c.h; name = JYExpandViewController.h; path = joyyios/JYExpandViewController.h; sourceTree = SOURCE_ROOT; };
		D6F49FC11AF5DB4D001A3C89 /* JYExpandViewController.m */ = {isa = PBXFileReference; fileEncoding = 4; lastKnownFileType = sourcecode.c.objc; name = JYExpandViewController.m; path = joyyios/JYExpandViewController.m; sourceTree = SOURCE_ROOT; };
		D6F49FC21AF5DB4D001A3C89 /* JYFloatLabeledTextField.h */ = {isa = PBXFileReference; fileEncoding = 4; lastKnownFileType = sourcecode.c.h; name = JYFloatLabeledTextField.h; path = joyyios/JYFloatLabeledTextField.h; sourceTree = SOURCE_ROOT; };
		D6F49FC31AF5DB4D001A3C89 /* JYFloatLabeledTextField.m */ = {isa = PBXFileReference; fileEncoding = 4; lastKnownFileType = sourcecode.c.objc; name = JYFloatLabeledTextField.m; path = joyyios/JYFloatLabeledTextField.m; sourceTree = SOURCE_ROOT; };
		D6F49FC41AF5DB4D001A3C89 /* JYMapDashBoardView.h */ = {isa = PBXFileReference; fileEncoding = 4; lastKnownFileType = sourcecode.c.h; name = JYMapDashBoardView.h; path = joyyios/JYMapDashBoardView.h; sourceTree = SOURCE_ROOT; };
		D6F49FC51AF5DB4D001A3C89 /* JYMapDashBoardView.m */ = {isa = PBXFileReference; fileEncoding = 4; lastKnownFileType = sourcecode.c.objc; name = JYMapDashBoardView.m; path = joyyios/JYMapDashBoardView.m; sourceTree = SOURCE_ROOT; };
		D6F49FC61AF5DB4D001A3C89 /* JYOrder.h */ = {isa = PBXFileReference; fileEncoding = 4; lastKnownFileType = sourcecode.c.h; name = JYOrder.h; path = joyyios/JYOrder.h; sourceTree = SOURCE_ROOT; };
		D6F49FC71AF5DB4D001A3C89 /* JYOrder.m */ = {isa = PBXFileReference; fileEncoding = 4; lastKnownFileType = sourcecode.c.objc; name = JYOrder.m; path = joyyios/JYOrder.m; sourceTree = SOURCE_ROOT; };
		D6F49FC81AF5DB4D001A3C89 /* JYOrderCard.h */ = {isa = PBXFileReference; fileEncoding = 4; lastKnownFileType = sourcecode.c.h; name = JYOrderCard.h; path = joyyios/JYOrderCard.h; sourceTree = SOURCE_ROOT; };
		D6F49FC91AF5DB4D001A3C89 /* JYOrderCard.m */ = {isa = PBXFileReference; fileEncoding = 4; lastKnownFileType = sourcecode.c.objc; name = JYOrderCard.m; path = joyyios/JYOrderCard.m; sourceTree = SOURCE_ROOT; };
		D6F49FCE1AF5DB4D001A3C89 /* JYPanGestureRecognizer.h */ = {isa = PBXFileReference; fileEncoding = 4; lastKnownFileType = sourcecode.c.h; name = JYPanGestureRecognizer.h; path = joyyios/JYPanGestureRecognizer.h; sourceTree = SOURCE_ROOT; };
		D6F49FCF1AF5DB4D001A3C89 /* JYPanGestureRecognizer.m */ = {isa = PBXFileReference; fileEncoding = 4; lastKnownFileType = sourcecode.c.objc; name = JYPanGestureRecognizer.m; path = joyyios/JYPanGestureRecognizer.m; sourceTree = SOURCE_ROOT; };
		D6F49FD01AF5DB4D001A3C89 /* JYPinAnnotationView.h */ = {isa = PBXFileReference; fileEncoding = 4; lastKnownFileType = sourcecode.c.h; name = JYPinAnnotationView.h; path = joyyios/JYPinAnnotationView.h; sourceTree = SOURCE_ROOT; };
		D6F49FD11AF5DB4D001A3C89 /* JYPinAnnotationView.m */ = {isa = PBXFileReference; fileEncoding = 4; lastKnownFileType = sourcecode.c.objc; name = JYPinAnnotationView.m; path = joyyios/JYPinAnnotationView.m; sourceTree = SOURCE_ROOT; };
		D6F49FD21AF5DB4D001A3C89 /* JYPinchGestureRecognizer.h */ = {isa = PBXFileReference; fileEncoding = 4; lastKnownFileType = sourcecode.c.h; name = JYPinchGestureRecognizer.h; path = joyyios/JYPinchGestureRecognizer.h; sourceTree = SOURCE_ROOT; };
		D6F49FD31AF5DB4D001A3C89 /* JYPinchGestureRecognizer.m */ = {isa = PBXFileReference; fileEncoding = 4; lastKnownFileType = sourcecode.c.objc; name = JYPinchGestureRecognizer.m; path = joyyios/JYPinchGestureRecognizer.m; sourceTree = SOURCE_ROOT; };
		D6F49FD41AF5DB4D001A3C89 /* JYPlacesViewCell.h */ = {isa = PBXFileReference; fileEncoding = 4; lastKnownFileType = sourcecode.c.h; name = JYPlacesViewCell.h; path = joyyios/JYPlacesViewCell.h; sourceTree = SOURCE_ROOT; };
		D6F49FD51AF5DB4D001A3C89 /* JYPlacesViewCell.m */ = {isa = PBXFileReference; fileEncoding = 4; lastKnownFileType = sourcecode.c.objc; name = JYPlacesViewCell.m; path = joyyios/JYPlacesViewCell.m; sourceTree = SOURCE_ROOT; };
		D6F49FD61AF5DB4D001A3C89 /* JYPlacesViewController.h */ = {isa = PBXFileReference; fileEncoding = 4; lastKnownFileType = sourcecode.c.h; name = JYPlacesViewController.h; path = joyyios/JYPlacesViewController.h; sourceTree = SOURCE_ROOT; };
		D6F49FD71AF5DB4D001A3C89 /* JYPlacesViewController.m */ = {isa = PBXFileReference; fileEncoding = 4; lastKnownFileType = sourcecode.c.objc; name = JYPlacesViewController.m; path = joyyios/JYPlacesViewController.m; sourceTree = SOURCE_ROOT; };
		D6F49FD81AF5DB4D001A3C89 /* JYPriceTextFieldCell.h */ = {isa = PBXFileReference; fileEncoding = 4; lastKnownFileType = sourcecode.c.h; name = JYPriceTextFieldCell.h; path = joyyios/JYPriceTextFieldCell.h; sourceTree = SOURCE_ROOT; };
		D6F49FD91AF5DB4D001A3C89 /* JYPriceTextFieldCell.m */ = {isa = PBXFileReference; fileEncoding = 4; lastKnownFileType = sourcecode.c.objc; name = JYPriceTextFieldCell.m; path = joyyios/JYPriceTextFieldCell.m; sourceTree = SOURCE_ROOT; };
		D6F49FDA1AF5DB4D001A3C89 /* JYRestrictedTextViewCell.h */ = {isa = PBXFileReference; fileEncoding = 4; lastKnownFileType = sourcecode.c.h; name = JYRestrictedTextViewCell.h; path = joyyios/JYRestrictedTextViewCell.h; sourceTree = SOURCE_ROOT; };
		D6F49FDB1AF5DB4D001A3C89 /* JYRestrictedTextViewCell.m */ = {isa = PBXFileReference; fileEncoding = 4; lastKnownFileType = sourcecode.c.objc; name = JYRestrictedTextViewCell.m; path = joyyios/JYRestrictedTextViewCell.m; sourceTree = SOURCE_ROOT; };
		D6F49FDC1AF5DB4D001A3C89 /* JYServiceCategory.h */ = {isa = PBXFileReference; fileEncoding = 4; lastKnownFileType = sourcecode.c.h; name = JYServiceCategory.h; path = joyyios/JYServiceCategory.h; sourceTree = SOURCE_ROOT; };
		D6F49FDD1AF5DB4D001A3C89 /* JYServiceCategory.m */ = {isa = PBXFileReference; fileEncoding = 4; lastKnownFileType = sourcecode.c.objc; name = JYServiceCategory.m; path = joyyios/JYServiceCategory.m; sourceTree = SOURCE_ROOT; };
		D6F49FDE1AF5DB4D001A3C89 /* JYSignBaseViewController.h */ = {isa = PBXFileReference; fileEncoding = 4; lastKnownFileType = sourcecode.c.h; name = JYSignBaseViewController.h; path = joyyios/JYSignBaseViewController.h; sourceTree = SOURCE_ROOT; };
		D6F49FDF1AF5DB4D001A3C89 /* JYSignBaseViewController.m */ = {isa = PBXFileReference; fileEncoding = 4; lastKnownFileType = sourcecode.c.objc; name = JYSignBaseViewController.m; path = joyyios/JYSignBaseViewController.m; sourceTree = SOURCE_ROOT; };
		D6F49FE01AF5DB4D001A3C89 /* JYSignInViewController.h */ = {isa = PBXFileReference; fileEncoding = 4; lastKnownFileType = sourcecode.c.h; name = JYSignInViewController.h; path = joyyios/JYSignInViewController.h; sourceTree = SOURCE_ROOT; };
		D6F49FE11AF5DB4D001A3C89 /* JYSignInViewController.m */ = {isa = PBXFileReference; fileEncoding = 4; lastKnownFileType = sourcecode.c.objc; name = JYSignInViewController.m; path = joyyios/JYSignInViewController.m; sourceTree = SOURCE_ROOT; };
		D6F49FE21AF5DB4D001A3C89 /* JYSignUpViewController.h */ = {isa = PBXFileReference; fileEncoding = 4; lastKnownFileType = sourcecode.c.h; name = JYSignUpViewController.h; path = joyyios/JYSignUpViewController.h; sourceTree = SOURCE_ROOT; };
		D6F49FE31AF5DB4D001A3C89 /* JYSignUpViewController.m */ = {isa = PBXFileReference; fileEncoding = 4; lastKnownFileType = sourcecode.c.objc; name = JYSignUpViewController.m; path = joyyios/JYSignUpViewController.m; sourceTree = SOURCE_ROOT; };
		D6F49FE41AF5DB4D001A3C89 /* JYSignViewController.h */ = {isa = PBXFileReference; fileEncoding = 4; lastKnownFileType = sourcecode.c.h; name = JYSignViewController.h; path = joyyios/JYSignViewController.h; sourceTree = SOURCE_ROOT; };
		D6F49FE51AF5DB4D001A3C89 /* JYSignViewController.m */ = {isa = PBXFileReference; fileEncoding = 4; lastKnownFileType = sourcecode.c.objc; name = JYSignViewController.m; path = joyyios/JYSignViewController.m; sourceTree = SOURCE_ROOT; };
		D6F49FE61AF5DB4D001A3C89 /* JYUser.h */ = {isa = PBXFileReference; fileEncoding = 4; lastKnownFileType = sourcecode.c.h; name = JYUser.h; path = joyyios/JYUser.h; sourceTree = SOURCE_ROOT; };
		D6F49FE71AF5DB4D001A3C89 /* JYUser.m */ = {isa = PBXFileReference; fileEncoding = 4; lastKnownFileType = sourcecode.c.objc; name = JYUser.m; path = joyyios/JYUser.m; sourceTree = SOURCE_ROOT; };
		D6F49FE81AF5DB4D001A3C89 /* NSMutableDictionary+Joyy.h */ = {isa = PBXFileReference; fileEncoding = 4; lastKnownFileType = sourcecode.c.h; name = "NSMutableDictionary+Joyy.h"; path = "joyyios/NSMutableDictionary+Joyy.h"; sourceTree = SOURCE_ROOT; };
		D6F49FE91AF5DB4D001A3C89 /* NSMutableDictionary+Joyy.m */ = {isa = PBXFileReference; fileEncoding = 4; lastKnownFileType = sourcecode.c.objc; name = "NSMutableDictionary+Joyy.m"; path = "joyyios/NSMutableDictionary+Joyy.m"; sourceTree = SOURCE_ROOT; };
		D6F49FEA1AF5DB4D001A3C89 /* NSString+Joyy.h */ = {isa = PBXFileReference; fileEncoding = 4; lastKnownFileType = sourcecode.c.h; name = "NSString+Joyy.h"; path = "joyyios/NSString+Joyy.h"; sourceTree = SOURCE_ROOT; };
		D6F49FEB1AF5DB4D001A3C89 /* NSString+Joyy.m */ = {isa = PBXFileReference; fileEncoding = 4; lastKnownFileType = sourcecode.c.objc; name = "NSString+Joyy.m"; path = "joyyios/NSString+Joyy.m"; sourceTree = SOURCE_ROOT; };
		D6F49FEC1AF5DB4D001A3C89 /* UIColor+Joyy.h */ = {isa = PBXFileReference; fileEncoding = 4; lastKnownFileType = sourcecode.c.h; name = "UIColor+Joyy.h"; path = "joyyios/UIColor+Joyy.h"; sourceTree = SOURCE_ROOT; };
		D6F49FED1AF5DB4D001A3C89 /* UIColor+Joyy.m */ = {isa = PBXFileReference; fileEncoding = 4; lastKnownFileType = sourcecode.c.objc; name = "UIColor+Joyy.m"; path = "joyyios/UIColor+Joyy.m"; sourceTree = SOURCE_ROOT; };
		D6F49FEE1AF5DB4D001A3C89 /* UICustomActionSheet.h */ = {isa = PBXFileReference; fileEncoding = 4; lastKnownFileType = sourcecode.c.h; name = UICustomActionSheet.h; path = joyyios/UICustomActionSheet.h; sourceTree = SOURCE_ROOT; };
		D6F49FEF1AF5DB4D001A3C89 /* UICustomActionSheet.m */ = {isa = PBXFileReference; fileEncoding = 4; lastKnownFileType = sourcecode.c.objc; name = UICustomActionSheet.m; path = joyyios/UICustomActionSheet.m; sourceTree = SOURCE_ROOT; };
		D6F49FF01AF5DB4D001A3C89 /* UIFont+Joyy.h */ = {isa = PBXFileReference; fileEncoding = 4; lastKnownFileType = sourcecode.c.h; name = "UIFont+Joyy.h"; path = "joyyios/UIFont+Joyy.h"; sourceTree = SOURCE_ROOT; };
		D6F49FF11AF5DB4D001A3C89 /* UIFont+Joyy.m */ = {isa = PBXFileReference; fileEncoding = 4; lastKnownFileType = sourcecode.c.objc; name = "UIFont+Joyy.m"; path = "joyyios/UIFont+Joyy.m"; sourceTree = SOURCE_ROOT; };
		D6F49FF21AF5DB4D001A3C89 /* UIImageEffects.h */ = {isa = PBXFileReference; fileEncoding = 4; lastKnownFileType = sourcecode.c.h; name = UIImageEffects.h; path = joyyios/UIImageEffects.h; sourceTree = SOURCE_ROOT; };
		D6F49FF31AF5DB4D001A3C89 /* UIImageEffects.m */ = {isa = PBXFileReference; fileEncoding = 4; lastKnownFileType = sourcecode.c.objc; name = UIImageEffects.m; path = joyyios/UIImageEffects.m; sourceTree = SOURCE_ROOT; };
		D6F49FF41AF5DB4D001A3C89 /* UIView+Joyy.h */ = {isa = PBXFileReference; fileEncoding = 4; lastKnownFileType = sourcecode.c.h; name = "UIView+Joyy.h"; path = "joyyios/UIView+Joyy.h"; sourceTree = SOURCE_ROOT; };
		D6F49FF51AF5DB4D001A3C89 /* UIView+Joyy.m */ = {isa = PBXFileReference; fileEncoding = 4; lastKnownFileType = sourcecode.c.objc; name = "UIView+Joyy.m"; path = "joyyios/UIView+Joyy.m"; sourceTree = SOURCE_ROOT; };
		D6F4A0401AF5DCCD001A3C89 /* JYBidCreateViewController.h */ = {isa = PBXFileReference; fileEncoding = 4; lastKnownFileType = sourcecode.c.h; path = JYBidCreateViewController.h; sourceTree = "<group>"; };
		D6F4A0411AF5DCCD001A3C89 /* JYBidCreateViewController.m */ = {isa = PBXFileReference; fileEncoding = 4; lastKnownFileType = sourcecode.c.objc; path = JYBidCreateViewController.m; sourceTree = "<group>"; };
		D6F4A0441AF5DD04001A3C89 /* JYOrdersNearbyViewController.h */ = {isa = PBXFileReference; fileEncoding = 4; lastKnownFileType = sourcecode.c.h; path = JYOrdersNearbyViewController.h; sourceTree = "<group>"; };
		D6F4A0451AF5DD04001A3C89 /* JYOrdersNearbyViewController.m */ = {isa = PBXFileReference; fileEncoding = 4; lastKnownFileType = sourcecode.c.objc; path = JYOrdersNearbyViewController.m; sourceTree = "<group>"; };
		D6F4A04C1AF6A03C001A3C89 /* AppConst.h */ = {isa = PBXFileReference; fileEncoding = 4; lastKnownFileType = sourcecode.c.h; path = AppConst.h; sourceTree = "<group>"; };
		D6F4A04D1AF6A0B2001A3C89 /* AppConst.m */ = {isa = PBXFileReference; fileEncoding = 4; lastKnownFileType = sourcecode.c.objc; path = AppConst.m; sourceTree = "<group>"; };
		D6F4A0531AF6D188001A3C89 /* JYOrdersTodoViewController.h */ = {isa = PBXFileReference; fileEncoding = 4; lastKnownFileType = sourcecode.c.h; path = JYOrdersTodoViewController.h; sourceTree = "<group>"; };
		D6F4A0541AF6D188001A3C89 /* JYOrdersTodoViewController.m */ = {isa = PBXFileReference; fileEncoding = 4; lastKnownFileType = sourcecode.c.objc; path = JYOrdersTodoViewController.m; sourceTree = "<group>"; };
		DB8830D0B40E78FAFA748BCC /* Pods.debug.xcconfig */ = {isa = PBXFileReference; includeInIndex = 1; lastKnownFileType = text.xcconfig; name = Pods.debug.xcconfig; path = "Pods/Target Support Files/Pods/Pods.debug.xcconfig"; sourceTree = "<group>"; };
		ED2FF26D56D65B41B76FBA94 /* Pods.release.xcconfig */ = {isa = PBXFileReference; includeInIndex = 1; lastKnownFileType = text.xcconfig; name = Pods.release.xcconfig; path = "Pods/Target Support Files/Pods/Pods.release.xcconfig"; sourceTree = "<group>"; };
/* End PBXFileReference section */

/* Begin PBXFrameworksBuildPhase section */
		D6F49F801AF595F2001A3C89 /* Frameworks */ = {
			isa = PBXFrameworksBuildPhase;
			buildActionMask = 2147483647;
			files = (
				4A97C952E583F70673F3F803 /* libPods.a in Frameworks */,
			);
			runOnlyForDeploymentPostprocessing = 0;
		};
/* End PBXFrameworksBuildPhase section */

/* Begin PBXGroup section */
		6C2561CD1AEB6DB0FA4C29C3 /* Pods */ = {
			isa = PBXGroup;
			children = (
				DB8830D0B40E78FAFA748BCC /* Pods.debug.xcconfig */,
				ED2FF26D56D65B41B76FBA94 /* Pods.release.xcconfig */,
			);
			name = Pods;
			sourceTree = "<group>";
		};
		6CD581E55FC2C82A194E026A /* Frameworks */ = {
			isa = PBXGroup;
			children = (
				BF9E643DBA1E8D6E7E6558EC /* libPods.a */,
			);
			name = Frameworks;
			sourceTree = "<group>";
		};
		D65F373D1AFEF050007B534C /* Common */ = {
			isa = PBXGroup;
			children = (
				D65F373E1AFEF868007B534C /* JYOrderCardCell.h */,
				D65F373F1AFEF868007B534C /* JYOrderCardCell.m */,
			);
			name = Common;
			sourceTree = "<group>";
		};
		D679F03B1B2B5758004F1C37 /* Account */ = {
			isa = PBXGroup;
			children = (
				D679F0351B296225004F1C37 /* JYAccountBaseViewController.h */,
				D679F0361B296225004F1C37 /* JYAccountBaseViewController.m */,
				D679F02B1B1ED683004F1C37 /* JYAccountCompanyViewController.h */,
				D679F02C1B1ED683004F1C37 /* JYAccountCompanyViewController.m */,
				D679F0211B1C1513004F1C37 /* JYAccountIndividualViewController.h */,
				D679F0221B1C1513004F1C37 /* JYAccountIndividualViewController.m */,
				D679F0381B2A2435004F1C37 /* JYAccountViewController.h */,
				D679F0391B2A2435004F1C37 /* JYAccountViewController.m */,
			);
			name = Account;
			sourceTree = "<group>";
		};
		D6C82B621B12534200876F57 /* Model */ = {
			isa = PBXGroup;
			children = (
				D6C82B6B1B128E9700876F57 /* JYBid.h */,
				D6C82B6C1B128E9700876F57 /* JYBid.m */,
				D6C82B6D1B128E9700876F57 /* JYComment.h */,
				D6C82B6E1B128E9700876F57 /* JYComment.m */,
				D6F49FC61AF5DB4D001A3C89 /* JYOrder.h */,
				D6F49FC71AF5DB4D001A3C89 /* JYOrder.m */,
				D6F49FE61AF5DB4D001A3C89 /* JYUser.h */,
				D6F49FE71AF5DB4D001A3C89 /* JYUser.m */,
			);
			name = Model;
			sourceTree = "<group>";
		};
		D6F49F7A1AF595F2001A3C89 = {
			isa = PBXGroup;
			children = (
				D6F49F851AF595F2001A3C89 /* joyyor */,
				D6F49FA21AF595F2001A3C89 /* joyyorTests */,
				D6F49F841AF595F2001A3C89 /* Products */,
				6C2561CD1AEB6DB0FA4C29C3 /* Pods */,
				6CD581E55FC2C82A194E026A /* Frameworks */,
			);
			sourceTree = "<group>";
		};
		D6F49F841AF595F2001A3C89 /* Products */ = {
			isa = PBXGroup;
			children = (
				D6F49F831AF595F2001A3C89 /* joyyor.app */,
			);
			name = Products;
			sourceTree = "<group>";
		};
		D6F49F851AF595F2001A3C89 /* joyyor */ = {
			isa = PBXGroup;
			children = (
				D6F4A04C1AF6A03C001A3C89 /* AppConst.h */,
				D6F4A04D1AF6A0B2001A3C89 /* AppConst.m */,
				D6F49F8A1AF595F2001A3C89 /* AppDelegate.h */,
				D6F49F8B1AF595F2001A3C89 /* AppDelegate.m */,
				D65F373D1AFEF050007B534C /* Common */,
				D6F4A03C1AF5DB6D001A3C89 /* Shared */,
				D6F4A03F1AF5DC1F001A3C89 /* Order */,
				D6F4A03E1AF5DBCA001A3C89 /* Bid */,
				D679F03B1B2B5758004F1C37 /* Account */,
				D6F4A03D1AF5DB9D001A3C89 /* User */,
				D6F49F961AF595F2001A3C89 /* Images.xcassets */,
				D6F49F981AF595F2001A3C89 /* LaunchScreen.xib */,
				D6F49F861AF595F2001A3C89 /* Supporting Files */,
			);
			path = joyyor;
			sourceTree = "<group>";
		};
		D6F49F861AF595F2001A3C89 /* Supporting Files */ = {
			isa = PBXGroup;
			children = (
				D6F49FAF1AF5DA2B001A3C89 /* Prefix.pch */,
				D6F49F871AF595F2001A3C89 /* Info.plist */,
				D6F49F881AF595F2001A3C89 /* main.m */,
			);
			name = "Supporting Files";
			sourceTree = "<group>";
		};
		D6F49FA21AF595F2001A3C89 /* joyyorTests */ = {
			isa = PBXGroup;
			children = (
				D6F49FA51AF595F2001A3C89 /* joyyorTests.m */,
				D6F49FA31AF595F2001A3C89 /* Supporting Files */,
			);
			path = joyyorTests;
			sourceTree = "<group>";
		};
		D6F49FA31AF595F2001A3C89 /* Supporting Files */ = {
			isa = PBXGroup;
			children = (
				D6F49FA41AF595F2001A3C89 /* Info.plist */,
			);
			name = "Supporting Files";
			sourceTree = "<group>";
		};
		D6F4A03C1AF5DB6D001A3C89 /* Shared */ = {
			isa = PBXGroup;
			children = (
				D6C82B621B12534200876F57 /* Model */,
				D6F49FB01AF5DAE7001A3C89 /* Constants.h */,
				D6F49FB11AF5DB4D001A3C89 /* Constants.m */,
				D6F49FB21AF5DB4D001A3C89 /* DataStore.h */,
				D6F49FB31AF5DB4D001A3C89 /* DataStore.m */,
				D65F37481B0485A7007B534C /* JYCommentViewCell.h */,
				D65F37491B0485A7007B534C /* JYCommentViewCell.m */,
				D6F49FB41AF5DB4D001A3C89 /* JYAutoCompleteDataSource.h */,
				D6F49FB51AF5DB4D001A3C89 /* JYAutoCompleteDataSource.m */,
				D6F49FB61AF5DB4D001A3C89 /* JYAutocompleteTextField.h */,
				D6F49FB71AF5DB4D001A3C89 /* JYAutocompleteTextField.m */,
				D6F49FB81AF5DB4D001A3C89 /* JYBidViewCell.h */,
				D6F49FB91AF5DB4D001A3C89 /* JYBidViewCell.m */,
				D6F49FBA1AF5DB4D001A3C89 /* JYButton.h */,
				D6F49FBB1AF5DB4D001A3C89 /* JYButton.m */,
				D6F49FBC1AF5DB4D001A3C89 /* JYCollectionViewCell.h */,
				D6F49FBD1AF5DB4D001A3C89 /* JYCollectionViewCell.m */,
				D6C82B5E1B0EFE0600876F57 /* JYCommentTextView.h */,
				D6C82B5F1B0EFE0600876F57 /* JYCommentTextView.m */,
				D6C82B571B0DA5CE00876F57 /* JYCommentsViewController.h */,
				D6C82B581B0DA5CE00876F57 /* JYCommentsViewController.m */,
				D6F49FBE1AF5DB4D001A3C89 /* JYDateView.h */,
				D6F49FBF1AF5DB4D001A3C89 /* JYDateView.m */,
				D6F49FC01AF5DB4D001A3C89 /* JYExpandViewController.h */,
				D6F49FC11AF5DB4D001A3C89 /* JYExpandViewController.m */,
				D679F0321B295525004F1C37 /* JYFixedLengthRowValidator.h */,
				D679F0331B295525004F1C37 /* JYFixedLengthRowValidator.m */,
				D6F49FC21AF5DB4D001A3C89 /* JYFloatLabeledTextField.h */,
				D6F49FC31AF5DB4D001A3C89 /* JYFloatLabeledTextField.m */,
				D679F0281B1C3B41004F1C37 /* JYFloatLabeledTextFieldCell.h */,
				D679F0291B1C3B41004F1C37 /* JYFloatLabeledTextFieldCell.m */,
				D6F49FC41AF5DB4D001A3C89 /* JYMapDashBoardView.h */,
				D6F49FC51AF5DB4D001A3C89 /* JYMapDashBoardView.m */,
				D6F49FC81AF5DB4D001A3C89 /* JYOrderCard.h */,
				D6F49FC91AF5DB4D001A3C89 /* JYOrderCard.m */,
				D6F49FCE1AF5DB4D001A3C89 /* JYPanGestureRecognizer.h */,
				D6F49FCF1AF5DB4D001A3C89 /* JYPanGestureRecognizer.m */,
				D6F49FD01AF5DB4D001A3C89 /* JYPinAnnotationView.h */,
				D6F49FD11AF5DB4D001A3C89 /* JYPinAnnotationView.m */,
				D6F49FD21AF5DB4D001A3C89 /* JYPinchGestureRecognizer.h */,
				D6F49FD31AF5DB4D001A3C89 /* JYPinchGestureRecognizer.m */,
				D6F49FD41AF5DB4D001A3C89 /* JYPlacesViewCell.h */,
				D6F49FD51AF5DB4D001A3C89 /* JYPlacesViewCell.m */,
				D6F49FD61AF5DB4D001A3C89 /* JYPlacesViewController.h */,
				D6F49FD71AF5DB4D001A3C89 /* JYPlacesViewController.m */,
				D6F49FD81AF5DB4D001A3C89 /* JYPriceTextFieldCell.h */,
				D6F49FD91AF5DB4D001A3C89 /* JYPriceTextFieldCell.m */,
				D6F49FDA1AF5DB4D001A3C89 /* JYRestrictedTextViewCell.h */,
				D6F49FDB1AF5DB4D001A3C89 /* JYRestrictedTextViewCell.m */,
				D6F49FDC1AF5DB4D001A3C89 /* JYServiceCategory.h */,
				D6F49FDD1AF5DB4D001A3C89 /* JYServiceCategory.m */,
				D6F49FE81AF5DB4D001A3C89 /* NSMutableDictionary+Joyy.h */,
				D6F49FE91AF5DB4D001A3C89 /* NSMutableDictionary+Joyy.m */,
				D6F49FEA1AF5DB4D001A3C89 /* NSString+Joyy.h */,
				D6F49FEB1AF5DB4D001A3C89 /* NSString+Joyy.m */,
				D6F49FEC1AF5DB4D001A3C89 /* UIColor+Joyy.h */,
				D6F49FED1AF5DB4D001A3C89 /* UIColor+Joyy.m */,
				D6F49FEE1AF5DB4D001A3C89 /* UICustomActionSheet.h */,
				D6F49FEF1AF5DB4D001A3C89 /* UICustomActionSheet.m */,
				D6F49FF01AF5DB4D001A3C89 /* UIFont+Joyy.h */,
				D6F49FF11AF5DB4D001A3C89 /* UIFont+Joyy.m */,
				D6F49FF21AF5DB4D001A3C89 /* UIImageEffects.h */,
				D6F49FF31AF5DB4D001A3C89 /* UIImageEffects.m */,
				D6F49FF41AF5DB4D001A3C89 /* UIView+Joyy.h */,
				D6F49FF51AF5DB4D001A3C89 /* UIView+Joyy.m */,
			);
			name = Shared;
			sourceTree = "<group>";
		};
		D6F4A03D1AF5DB9D001A3C89 /* User */ = {
			isa = PBXGroup;
			children = (
				D6F49FDE1AF5DB4D001A3C89 /* JYSignBaseViewController.h */,
				D6F49FDF1AF5DB4D001A3C89 /* JYSignBaseViewController.m */,
				D6F49FE01AF5DB4D001A3C89 /* JYSignInViewController.h */,
				D6F49FE11AF5DB4D001A3C89 /* JYSignInViewController.m */,
				D6F49FE21AF5DB4D001A3C89 /* JYSignUpViewController.h */,
				D6F49FE31AF5DB4D001A3C89 /* JYSignUpViewController.m */,
				D6F49FE41AF5DB4D001A3C89 /* JYSignViewController.h */,
				D6F49FE51AF5DB4D001A3C89 /* JYSignViewController.m */,
			);
			name = User;
			sourceTree = "<group>";
		};
		D6F4A03E1AF5DBCA001A3C89 /* Bid */ = {
			isa = PBXGroup;
			children = (
				D6F4A0401AF5DCCD001A3C89 /* JYBidCreateViewController.h */,
				D6F4A0411AF5DCCD001A3C89 /* JYBidCreateViewController.m */,
			);
			name = Bid;
			sourceTree = "<group>";
		};
		D6F4A03F1AF5DC1F001A3C89 /* Order */ = {
			isa = PBXGroup;
			children = (
				D6C82B751B13EB3D00876F57 /* JYOrdersBaseViewController.h */,
				D6C82B761B13EB3D00876F57 /* JYOrdersBaseViewController.m */,
				D6F4A0441AF5DD04001A3C89 /* JYOrdersNearbyViewController.h */,
				D6F4A0451AF5DD04001A3C89 /* JYOrdersNearbyViewController.m */,
				D679F03C1B30E58D004F1C37 /* JYOrdersEngagedBaseViewController.h */,
				D679F03D1B30E58D004F1C37 /* JYOrdersEngagedBaseViewController.m */,
				D65F37411B04786A007B534C /* JYOrdersEngagedViewController.h */,
				D65F37421B04786A007B534C /* JYOrdersEngagedViewController.m */,
				D6F4A0531AF6D188001A3C89 /* JYOrdersTodoViewController.h */,
				D6F4A0541AF6D188001A3C89 /* JYOrdersTodoViewController.m */,
			);
			name = Order;
			sourceTree = "<group>";
		};
/* End PBXGroup section */

/* Begin PBXNativeTarget section */
		D6F49F821AF595F2001A3C89 /* joyyor */ = {
			isa = PBXNativeTarget;
			buildConfigurationList = D6F49FA91AF595F2001A3C89 /* Build configuration list for PBXNativeTarget "joyyor" */;
			buildPhases = (
				5CDF288701B89D47148F73E6 /* Check Pods Manifest.lock */,
				D6F49F7F1AF595F2001A3C89 /* Sources */,
				D6F49F801AF595F2001A3C89 /* Frameworks */,
				D6F49F811AF595F2001A3C89 /* Resources */,
				51CC995A9B14EB0859C97E9C /* Copy Pods Resources */,
			);
			buildRules = (
			);
			dependencies = (
			);
			name = joyyor;
			productName = joyyor;
			productReference = D6F49F831AF595F2001A3C89 /* joyyor.app */;
			productType = "com.apple.product-type.application";
		};
/* End PBXNativeTarget section */

/* Begin PBXProject section */
		D6F49F7B1AF595F2001A3C89 /* Project object */ = {
			isa = PBXProject;
			attributes = {
				LastUpgradeCheck = 0620;
				ORGANIZATIONNAME = "Joyy Technologies, Inc";
				TargetAttributes = {
					D6F49F821AF595F2001A3C89 = {
						CreatedOnToolsVersion = 6.2;
					};
				};
			};
			buildConfigurationList = D6F49F7E1AF595F2001A3C89 /* Build configuration list for PBXProject "joyyor" */;
			compatibilityVersion = "Xcode 3.2";
			developmentRegion = English;
			hasScannedForEncodings = 0;
			knownRegions = (
				en,
				Base,
			);
			mainGroup = D6F49F7A1AF595F2001A3C89;
			productRefGroup = D6F49F841AF595F2001A3C89 /* Products */;
			projectDirPath = "";
			projectRoot = "";
			targets = (
				D6F49F821AF595F2001A3C89 /* joyyor */,
			);
		};
/* End PBXProject section */

/* Begin PBXResourcesBuildPhase section */
		D6F49F811AF595F2001A3C89 /* Resources */ = {
			isa = PBXResourcesBuildPhase;
			buildActionMask = 2147483647;
			files = (
				D6F49F9A1AF595F2001A3C89 /* LaunchScreen.xib in Resources */,
				D6F49F971AF595F2001A3C89 /* Images.xcassets in Resources */,
			);
			runOnlyForDeploymentPostprocessing = 0;
		};
/* End PBXResourcesBuildPhase section */

/* Begin PBXShellScriptBuildPhase section */
		51CC995A9B14EB0859C97E9C /* Copy Pods Resources */ = {
			isa = PBXShellScriptBuildPhase;
			buildActionMask = 2147483647;
			files = (
			);
			inputPaths = (
			);
			name = "Copy Pods Resources";
			outputPaths = (
			);
			runOnlyForDeploymentPostprocessing = 0;
			shellPath = /bin/sh;
			shellScript = "\"${SRCROOT}/Pods/Target Support Files/Pods/Pods-resources.sh\"\n";
			showEnvVarsInLog = 0;
		};
		5CDF288701B89D47148F73E6 /* Check Pods Manifest.lock */ = {
			isa = PBXShellScriptBuildPhase;
			buildActionMask = 2147483647;
			files = (
			);
			inputPaths = (
			);
			name = "Check Pods Manifest.lock";
			outputPaths = (
			);
			runOnlyForDeploymentPostprocessing = 0;
			shellPath = /bin/sh;
			shellScript = "diff \"${PODS_ROOT}/../Podfile.lock\" \"${PODS_ROOT}/Manifest.lock\" > /dev/null\nif [[ $? != 0 ]] ; then\n    cat << EOM\nerror: The sandbox is not in sync with the Podfile.lock. Run 'pod install' or update your CocoaPods installation.\nEOM\n    exit 1\nfi\n";
			showEnvVarsInLog = 0;
		};
/* End PBXShellScriptBuildPhase section */

/* Begin PBXSourcesBuildPhase section */
		D6F49F7F1AF595F2001A3C89 /* Sources */ = {
			isa = PBXSourcesBuildPhase;
			buildActionMask = 2147483647;
			files = (
				D679F02A1B1C3B41004F1C37 /* JYFloatLabeledTextFieldCell.m in Sources */,
				D6F4A0301AF5DB4D001A3C89 /* NSString+Joyy.m in Sources */,
				D6F4A0061AF5DB4D001A3C89 /* JYExpandViewController.m in Sources */,
				D6F49FF61AF5DB4D001A3C89 /* Constants.m in Sources */,
				D6F4A03A1AF5DB4D001A3C89 /* UIView+Joyy.m in Sources */,
				D6F4A00A1AF5DB4D001A3C89 /* JYMapDashBoardView.m in Sources */,
				D6F4A0201AF5DB4D001A3C89 /* JYRestrictedTextViewCell.m in Sources */,
				D6F4A0361AF5DB4D001A3C89 /* UIFont+Joyy.m in Sources */,
				D6C82B771B13EB3D00876F57 /* JYOrdersBaseViewController.m in Sources */,
				D679F0341B295525004F1C37 /* JYFixedLengthRowValidator.m in Sources */,
				D679F0371B296225004F1C37 /* JYAccountBaseViewController.m in Sources */,
				D6F4A00C1AF5DB4D001A3C89 /* JYOrder.m in Sources */,
				D6F4A02C1AF5DB4D001A3C89 /* JYUser.m in Sources */,
				D65F374A1B0485A7007B534C /* JYCommentViewCell.m in Sources */,
				D6F4A0261AF5DB4D001A3C89 /* JYSignInViewController.m in Sources */,
				D6F4A0421AF5DCCD001A3C89 /* JYBidCreateViewController.m in Sources */,
				D679F03A1B2A2435004F1C37 /* JYAccountViewController.m in Sources */,
				D6F4A0081AF5DB4D001A3C89 /* JYFloatLabeledTextField.m in Sources */,
				D6F49FFC1AF5DB4D001A3C89 /* JYAutocompleteTextField.m in Sources */,
				D679F03E1B30E58D004F1C37 /* JYOrdersEngagedBaseViewController.m in Sources */,
				D6F4A0041AF5DB4D001A3C89 /* JYDateView.m in Sources */,
				D6F49F8C1AF595F2001A3C89 /* AppDelegate.m in Sources */,
				D679F02D1B1ED683004F1C37 /* JYAccountCompanyViewController.m in Sources */,
				D6F4A0001AF5DB4D001A3C89 /* JYButton.m in Sources */,
				D6F4A00E1AF5DB4D001A3C89 /* JYOrderCard.m in Sources */,
				D6F4A02A1AF5DB4D001A3C89 /* JYSignViewController.m in Sources */,
				D6F4A0461AF5DD04001A3C89 /* JYOrdersNearbyViewController.m in Sources */,
				D6F4A0181AF5DB4D001A3C89 /* JYPinchGestureRecognizer.m in Sources */,
				D6F4A01C1AF5DB4D001A3C89 /* JYPlacesViewController.m in Sources */,
				D6F49FFA1AF5DB4D001A3C89 /* JYAutoCompleteDataSource.m in Sources */,
				D6F49FFE1AF5DB4D001A3C89 /* JYBidViewCell.m in Sources */,
				D6F4A01A1AF5DB4D001A3C89 /* JYPlacesViewCell.m in Sources */,
				D6F4A0021AF5DB4D001A3C89 /* JYCollectionViewCell.m in Sources */,
				D6F4A0321AF5DB4D001A3C89 /* UIColor+Joyy.m in Sources */,
				D6F4A0281AF5DB4D001A3C89 /* JYSignUpViewController.m in Sources */,
				D6C82B601B0EFE0600876F57 /* JYCommentTextView.m in Sources */,
				D6F4A01E1AF5DB4D001A3C89 /* JYPriceTextFieldCell.m in Sources */,
				D65F37431B04786A007B534C /* JYOrdersEngagedViewController.m in Sources */,
				D6F4A0381AF5DB4D001A3C89 /* UIImageEffects.m in Sources */,
				D6F4A0161AF5DB4D001A3C89 /* JYPinAnnotationView.m in Sources */,
				D6F4A0551AF6D188001A3C89 /* JYOrdersTodoViewController.m in Sources */,
				D679F0231B1C1513004F1C37 /* JYAccountIndividualViewController.m in Sources */,
				D6C82B591B0DA5CE00876F57 /* JYCommentsViewController.m in Sources */,
				D6F4A0141AF5DB4D001A3C89 /* JYPanGestureRecognizer.m in Sources */,
				D6F4A0241AF5DB4D001A3C89 /* JYSignBaseViewController.m in Sources */,
				D6F4A0221AF5DB4D001A3C89 /* JYServiceCategory.m in Sources */,
				D6F49F891AF595F2001A3C89 /* main.m in Sources */,
				D6C82B6F1B128E9700876F57 /* JYBid.m in Sources */,
				D6F4A0341AF5DB4D001A3C89 /* UICustomActionSheet.m in Sources */,
				D6F4A04E1AF6A0B2001A3C89 /* AppConst.m in Sources */,
				D6F4A02E1AF5DB4D001A3C89 /* NSMutableDictionary+Joyy.m in Sources */,
				D65F37401AFEF868007B534C /* JYOrderCardCell.m in Sources */,
				D6C82B701B128E9700876F57 /* JYComment.m in Sources */,
				D6F49FF81AF5DB4D001A3C89 /* DataStore.m in Sources */,
			);
			runOnlyForDeploymentPostprocessing = 0;
		};
/* End PBXSourcesBuildPhase section */

/* Begin PBXVariantGroup section */
		D6F49F981AF595F2001A3C89 /* LaunchScreen.xib */ = {
			isa = PBXVariantGroup;
			children = (
				D6F49F991AF595F2001A3C89 /* Base */,
			);
			name = LaunchScreen.xib;
			sourceTree = "<group>";
		};
/* End PBXVariantGroup section */

/* Begin XCBuildConfiguration section */
		D6F49FA71AF595F2001A3C89 /* Debug */ = {
			isa = XCBuildConfiguration;
			buildSettings = {
				ALWAYS_SEARCH_USER_PATHS = NO;
				CLANG_CXX_LANGUAGE_STANDARD = "gnu++0x";
				CLANG_CXX_LIBRARY = "libc++";
				CLANG_ENABLE_MODULES = YES;
				CLANG_ENABLE_OBJC_ARC = YES;
				CLANG_WARN_BOOL_CONVERSION = YES;
				CLANG_WARN_CONSTANT_CONVERSION = YES;
				CLANG_WARN_DIRECT_OBJC_ISA_USAGE = YES_ERROR;
				CLANG_WARN_EMPTY_BODY = YES;
				CLANG_WARN_ENUM_CONVERSION = YES;
				CLANG_WARN_INT_CONVERSION = YES;
				CLANG_WARN_OBJC_ROOT_CLASS = YES_ERROR;
				CLANG_WARN_UNREACHABLE_CODE = YES;
				CLANG_WARN__DUPLICATE_METHOD_MATCH = YES;
				CODE_SIGN_IDENTITY = "iPhone Developer: Ping Yang (77642C5MHN)";
				"CODE_SIGN_IDENTITY[sdk=iphoneos*]" = "iPhone Developer: Ping Yang (77642C5MHN)";
				COPY_PHASE_STRIP = NO;
				ENABLE_STRICT_OBJC_MSGSEND = YES;
				GCC_C_LANGUAGE_STANDARD = gnu99;
				GCC_DYNAMIC_NO_PIC = NO;
				GCC_OPTIMIZATION_LEVEL = 0;
				GCC_PREPROCESSOR_DEFINITIONS = (
					"DEBUG=1",
					"$(inherited)",
				);
				GCC_SYMBOLS_PRIVATE_EXTERN = NO;
				GCC_WARN_64_TO_32_BIT_CONVERSION = YES;
				GCC_WARN_ABOUT_RETURN_TYPE = YES_ERROR;
				GCC_WARN_UNDECLARED_SELECTOR = YES;
				GCC_WARN_UNINITIALIZED_AUTOS = YES_AGGRESSIVE;
				GCC_WARN_UNUSED_FUNCTION = YES;
				GCC_WARN_UNUSED_VARIABLE = YES;
				IPHONEOS_DEPLOYMENT_TARGET = 7.0;
				MTL_ENABLE_DEBUG_INFO = YES;
				ONLY_ACTIVE_ARCH = YES;
				SDKROOT = iphoneos;
			};
			name = Debug;
		};
		D6F49FA81AF595F2001A3C89 /* Release */ = {
			isa = XCBuildConfiguration;
			buildSettings = {
				ALWAYS_SEARCH_USER_PATHS = NO;
				CLANG_CXX_LANGUAGE_STANDARD = "gnu++0x";
				CLANG_CXX_LIBRARY = "libc++";
				CLANG_ENABLE_MODULES = YES;
				CLANG_ENABLE_OBJC_ARC = YES;
				CLANG_WARN_BOOL_CONVERSION = YES;
				CLANG_WARN_CONSTANT_CONVERSION = YES;
				CLANG_WARN_DIRECT_OBJC_ISA_USAGE = YES_ERROR;
				CLANG_WARN_EMPTY_BODY = YES;
				CLANG_WARN_ENUM_CONVERSION = YES;
				CLANG_WARN_INT_CONVERSION = YES;
				CLANG_WARN_OBJC_ROOT_CLASS = YES_ERROR;
				CLANG_WARN_UNREACHABLE_CODE = YES;
				CLANG_WARN__DUPLICATE_METHOD_MATCH = YES;
				CODE_SIGN_IDENTITY = "iPhone Developer: Ping Yang (77642C5MHN)";
				"CODE_SIGN_IDENTITY[sdk=iphoneos*]" = "iPhone Developer: Ping Yang (77642C5MHN)";
				COPY_PHASE_STRIP = NO;
				ENABLE_NS_ASSERTIONS = NO;
				ENABLE_STRICT_OBJC_MSGSEND = YES;
				GCC_C_LANGUAGE_STANDARD = gnu99;
				GCC_WARN_64_TO_32_BIT_CONVERSION = YES;
				GCC_WARN_ABOUT_RETURN_TYPE = YES_ERROR;
				GCC_WARN_UNDECLARED_SELECTOR = YES;
				GCC_WARN_UNINITIALIZED_AUTOS = YES_AGGRESSIVE;
				GCC_WARN_UNUSED_FUNCTION = YES;
				GCC_WARN_UNUSED_VARIABLE = YES;
				IPHONEOS_DEPLOYMENT_TARGET = 7.0;
				MTL_ENABLE_DEBUG_INFO = NO;
				SDKROOT = iphoneos;
				VALIDATE_PRODUCT = YES;
			};
			name = Release;
		};
		D6F49FAA1AF595F2001A3C89 /* Debug */ = {
			isa = XCBuildConfiguration;
			baseConfigurationReference = DB8830D0B40E78FAFA748BCC /* Pods.debug.xcconfig */;
			buildSettings = {
				ASSETCATALOG_COMPILER_APPICON_NAME = AppIcon;
				CODE_SIGN_IDENTITY = "iPhone Developer";
				GCC_PREFIX_HEADER = Prefix.pch;
				INFOPLIST_FILE = joyyor/Info.plist;
				LD_RUNPATH_SEARCH_PATHS = "$(inherited) @executable_path/Frameworks";
				PRODUCT_NAME = "$(TARGET_NAME)";
			};
			name = Debug;
		};
		D6F49FAB1AF595F2001A3C89 /* Release */ = {
			isa = XCBuildConfiguration;
			baseConfigurationReference = ED2FF26D56D65B41B76FBA94 /* Pods.release.xcconfig */;
			buildSettings = {
				ASSETCATALOG_COMPILER_APPICON_NAME = AppIcon;
				CODE_SIGN_IDENTITY = "iPhone Developer";
				GCC_PREFIX_HEADER = Prefix.pch;
				INFOPLIST_FILE = joyyor/Info.plist;
				LD_RUNPATH_SEARCH_PATHS = "$(inherited) @executable_path/Frameworks";
				PRODUCT_NAME = "$(TARGET_NAME)";
			};
			name = Release;
		};
/* End XCBuildConfiguration section */

/* Begin XCConfigurationList section */
		D6F49F7E1AF595F2001A3C89 /* Build configuration list for PBXProject "joyyor" */ = {
			isa = XCConfigurationList;
			buildConfigurations = (
				D6F49FA71AF595F2001A3C89 /* Debug */,
				D6F49FA81AF595F2001A3C89 /* Release */,
			);
			defaultConfigurationIsVisible = 0;
			defaultConfigurationName = Release;
		};
		D6F49FA91AF595F2001A3C89 /* Build configuration list for PBXNativeTarget "joyyor" */ = {
			isa = XCConfigurationList;
			buildConfigurations = (
				D6F49FAA1AF595F2001A3C89 /* Debug */,
				D6F49FAB1AF595F2001A3C89 /* Release */,
			);
			defaultConfigurationIsVisible = 0;
			defaultConfigurationName = Release;
		};
/* End XCConfigurationList section */
	};
	rootObject = D6F49F7B1AF595F2001A3C89 /* Project object */;
}
