// !$*UTF8*$!
{
	archiveVersion = 1;
	classes = {
	};
	objectVersion = 46;
	objects = {

/* Begin PBXBuildFile section */
		665FCD8CB532AA82E3F40351 /* libPods.a in Frameworks */ = {isa = PBXBuildFile; fileRef = 8E034C4F8FC61E210B60EDCC /* libPods.a */; };
		743498E564A05714440866C9 /* libPods.a in Frameworks */ = {isa = PBXBuildFile; fileRef = 8E034C4F8FC61E210B60EDCC /* libPods.a */; };
		D6348D271ADA3BC90002BC35 /* JYPriceTextFieldCell.m in Sources */ = {isa = PBXBuildFile; fileRef = D6348D261ADA3BC90002BC35 /* JYPriceTextFieldCell.m */; };
		D6348D281ADA3BC90002BC35 /* JYPriceTextFieldCell.m in Sources */ = {isa = PBXBuildFile; fileRef = D6348D261ADA3BC90002BC35 /* JYPriceTextFieldCell.m */; };
		D6348D2B1ADA4A650002BC35 /* JYRestrictedTextViewCell.m in Sources */ = {isa = PBXBuildFile; fileRef = D6348D2A1ADA4A650002BC35 /* JYRestrictedTextViewCell.m */; };
		D6348D2C1ADA4A650002BC35 /* JYRestrictedTextViewCell.m in Sources */ = {isa = PBXBuildFile; fileRef = D6348D2A1ADA4A650002BC35 /* JYRestrictedTextViewCell.m */; };
		D6348D2F1ADB4DD60002BC35 /* NSString+Joyy.m in Sources */ = {isa = PBXBuildFile; fileRef = D6348D2E1ADB4DD60002BC35 /* NSString+Joyy.m */; };
		D6348D301ADB4DD60002BC35 /* NSString+Joyy.m in Sources */ = {isa = PBXBuildFile; fileRef = D6348D2E1ADB4DD60002BC35 /* NSString+Joyy.m */; };
		D6348D371ADB7ABC0002BC35 /* NSMutableDictionary+Joyy.m in Sources */ = {isa = PBXBuildFile; fileRef = D6348D361ADB7ABC0002BC35 /* NSMutableDictionary+Joyy.m */; };
		D6348D381ADB7ABC0002BC35 /* NSMutableDictionary+Joyy.m in Sources */ = {isa = PBXBuildFile; fileRef = D6348D361ADB7ABC0002BC35 /* NSMutableDictionary+Joyy.m */; };
		D63B69A91AC51302005600A9 /* UIFont+Joyy.m in Sources */ = {isa = PBXBuildFile; fileRef = D63B69A81AC51302005600A9 /* UIFont+Joyy.m */; };
		D63B69AA1AC51302005600A9 /* UIFont+Joyy.m in Sources */ = {isa = PBXBuildFile; fileRef = D63B69A81AC51302005600A9 /* UIFont+Joyy.m */; };
		D63B69B21AC51D61005600A9 /* JYSignBaseViewController.m in Sources */ = {isa = PBXBuildFile; fileRef = D63B69B11AC51D61005600A9 /* JYSignBaseViewController.m */; };
		D63B69B31AC51D61005600A9 /* JYSignBaseViewController.m in Sources */ = {isa = PBXBuildFile; fileRef = D63B69B11AC51D61005600A9 /* JYSignBaseViewController.m */; };
		D63B69B61AC53BB4005600A9 /* JYFloatLabeledTextField.m in Sources */ = {isa = PBXBuildFile; fileRef = D63B69B51AC53BB4005600A9 /* JYFloatLabeledTextField.m */; };
		D63B69B71AC53BB4005600A9 /* JYFloatLabeledTextField.m in Sources */ = {isa = PBXBuildFile; fileRef = D63B69B51AC53BB4005600A9 /* JYFloatLabeledTextField.m */; };
		D63B69BA1AC624F8005600A9 /* JYAutoCompleteDataSource.m in Sources */ = {isa = PBXBuildFile; fileRef = D63B69B91AC624F8005600A9 /* JYAutoCompleteDataSource.m */; };
		D63B69BB1AC624F8005600A9 /* JYAutoCompleteDataSource.m in Sources */ = {isa = PBXBuildFile; fileRef = D63B69B91AC624F8005600A9 /* JYAutoCompleteDataSource.m */; };
		D63F0D551AC7ACB70067C5EE /* JYSignUpViewController.m in Sources */ = {isa = PBXBuildFile; fileRef = D63F0D541AC7ACB70067C5EE /* JYSignUpViewController.m */; };
		D63F0D561AC7ACB70067C5EE /* JYSignUpViewController.m in Sources */ = {isa = PBXBuildFile; fileRef = D63F0D541AC7ACB70067C5EE /* JYSignUpViewController.m */; };
		D63F0D591AC7CFF20067C5EE /* JYButton.m in Sources */ = {isa = PBXBuildFile; fileRef = D63F0D581AC7CFF20067C5EE /* JYButton.m */; };
		D63F0D5A1AC7CFF20067C5EE /* JYButton.m in Sources */ = {isa = PBXBuildFile; fileRef = D63F0D581AC7CFF20067C5EE /* JYButton.m */; };
		D63F0D711AC9EC060067C5EE /* JYUser.m in Sources */ = {isa = PBXBuildFile; fileRef = D63F0D701AC9EC060067C5EE /* JYUser.m */; };
		D63F0D721AC9EC060067C5EE /* JYUser.m in Sources */ = {isa = PBXBuildFile; fileRef = D63F0D701AC9EC060067C5EE /* JYUser.m */; };
		D63F0D751AC9F6F80067C5EE /* DataStore.m in Sources */ = {isa = PBXBuildFile; fileRef = D63F0D741AC9F6F80067C5EE /* DataStore.m */; };
		D63F0D761AC9F6F80067C5EE /* DataStore.m in Sources */ = {isa = PBXBuildFile; fileRef = D63F0D741AC9F6F80067C5EE /* DataStore.m */; };
		D63F0D7D1ACA5E260067C5EE /* JYSignViewController.m in Sources */ = {isa = PBXBuildFile; fileRef = D63F0D7C1ACA5E260067C5EE /* JYSignViewController.m */; };
		D63F0D7E1ACA5E260067C5EE /* JYSignViewController.m in Sources */ = {isa = PBXBuildFile; fileRef = D63F0D7C1ACA5E260067C5EE /* JYSignViewController.m */; };
		D63F0D8C1ACBBF1F0067C5EE /* JYCollectionViewCell.m in Sources */ = {isa = PBXBuildFile; fileRef = D63F0D8B1ACBBF1F0067C5EE /* JYCollectionViewCell.m */; };
		D63F0D8D1ACBBF1F0067C5EE /* JYCollectionViewCell.m in Sources */ = {isa = PBXBuildFile; fileRef = D63F0D8B1ACBBF1F0067C5EE /* JYCollectionViewCell.m */; };
		D63F0D971ACC95B00067C5EE /* JYOrderCreateLocationViewController.m in Sources */ = {isa = PBXBuildFile; fileRef = D63F0D961ACC95B00067C5EE /* JYOrderCreateLocationViewController.m */; };
		D63F0D981ACC95B00067C5EE /* JYOrderCreateLocationViewController.m in Sources */ = {isa = PBXBuildFile; fileRef = D63F0D961ACC95B00067C5EE /* JYOrderCreateLocationViewController.m */; };
		D63F0D9A1ACC96230067C5EE /* MapKit.framework in Frameworks */ = {isa = PBXBuildFile; fileRef = D63F0D991ACC96230067C5EE /* MapKit.framework */; };
		D63F0D9D1ACCEB420067C5EE /* JYServiceCategory.m in Sources */ = {isa = PBXBuildFile; fileRef = D63F0D9C1ACCEB420067C5EE /* JYServiceCategory.m */; };
		D63F0D9E1ACCEB420067C5EE /* JYServiceCategory.m in Sources */ = {isa = PBXBuildFile; fileRef = D63F0D9C1ACCEB420067C5EE /* JYServiceCategory.m */; };
		D63F0DA21ACD08260067C5EE /* UIColor+Joyy.m in Sources */ = {isa = PBXBuildFile; fileRef = D63F0DA11ACD08260067C5EE /* UIColor+Joyy.m */; };
		D63F0DA31ACD08260067C5EE /* UIColor+Joyy.m in Sources */ = {isa = PBXBuildFile; fileRef = D63F0DA11ACD08260067C5EE /* UIColor+Joyy.m */; };
		D63F0DA51ACD16190067C5EE /* CoreLocation.framework in Frameworks */ = {isa = PBXBuildFile; fileRef = D63F0DA41ACD16190067C5EE /* CoreLocation.framework */; };
		D63F0DA81ACDFD1D0067C5EE /* JYPinAnnotationView.m in Sources */ = {isa = PBXBuildFile; fileRef = D63F0DA71ACDFD1D0067C5EE /* JYPinAnnotationView.m */; };
		D63F0DA91ACDFD1D0067C5EE /* JYPinAnnotationView.m in Sources */ = {isa = PBXBuildFile; fileRef = D63F0DA71ACDFD1D0067C5EE /* JYPinAnnotationView.m */; };
		D63F0DAC1ACE56E30067C5EE /* JYPinchGestureRecognizer.m in Sources */ = {isa = PBXBuildFile; fileRef = D63F0DAB1ACE56E30067C5EE /* JYPinchGestureRecognizer.m */; };
		D63F0DAD1ACE56E30067C5EE /* JYPinchGestureRecognizer.m in Sources */ = {isa = PBXBuildFile; fileRef = D63F0DAB1ACE56E30067C5EE /* JYPinchGestureRecognizer.m */; };
		D65AFA5E1AEC715D007867D0 /* JYOrdersUnpaidViewController.m in Sources */ = {isa = PBXBuildFile; fileRef = D65AFA5D1AEC715D007867D0 /* JYOrdersUnpaidViewController.m */; };
		D65AFA5F1AEC715D007867D0 /* JYOrdersUnpaidViewController.m in Sources */ = {isa = PBXBuildFile; fileRef = D65AFA5D1AEC715D007867D0 /* JYOrdersUnpaidViewController.m */; };
		D65AFA621AEC791D007867D0 /* JYBidViewCell.m in Sources */ = {isa = PBXBuildFile; fileRef = D65AFA611AEC791D007867D0 /* JYBidViewCell.m */; };
		D65AFA631AEC791D007867D0 /* JYBidViewCell.m in Sources */ = {isa = PBXBuildFile; fileRef = D65AFA611AEC791D007867D0 /* JYBidViewCell.m */; };
		D65AFA661AEDEF3D007867D0 /* JYOrderCard.m in Sources */ = {isa = PBXBuildFile; fileRef = D65AFA651AEDEF3D007867D0 /* JYOrderCard.m */; };
		D65AFA671AEDEF3D007867D0 /* JYOrderCard.m in Sources */ = {isa = PBXBuildFile; fileRef = D65AFA651AEDEF3D007867D0 /* JYOrderCard.m */; };
		D65AFA731AEF5F3A007867D0 /* UICustomActionSheet.m in Sources */ = {isa = PBXBuildFile; fileRef = D65AFA701AEF5F3A007867D0 /* UICustomActionSheet.m */; };
		D65AFA741AEF5F3A007867D0 /* UICustomActionSheet.m in Sources */ = {isa = PBXBuildFile; fileRef = D65AFA701AEF5F3A007867D0 /* UICustomActionSheet.m */; };
		D65AFA751AEF5F3A007867D0 /* UIImageEffects.m in Sources */ = {isa = PBXBuildFile; fileRef = D65AFA721AEF5F3A007867D0 /* UIImageEffects.m */; };
		D65AFA761AEF5F3A007867D0 /* UIImageEffects.m in Sources */ = {isa = PBXBuildFile; fileRef = D65AFA721AEF5F3A007867D0 /* UIImageEffects.m */; };
		D65F37461B04807D007B534C /* JYCommentViewCell.m in Sources */ = {isa = PBXBuildFile; fileRef = D65F37451B04807D007B534C /* JYCommentViewCell.m */; };
		D65F37471B04807D007B534C /* JYCommentViewCell.m in Sources */ = {isa = PBXBuildFile; fileRef = D65F37451B04807D007B534C /* JYCommentViewCell.m */; };
		D679F0261B1C39BB004F1C37 /* JYFloatLabeledTextFieldCell.m in Sources */ = {isa = PBXBuildFile; fileRef = D679F0251B1C39BB004F1C37 /* JYFloatLabeledTextFieldCell.m */; };
		D679F0271B1C39BB004F1C37 /* JYFloatLabeledTextFieldCell.m in Sources */ = {isa = PBXBuildFile; fileRef = D679F0251B1C39BB004F1C37 /* JYFloatLabeledTextFieldCell.m */; };
		D679F0301B2951D5004F1C37 /* JYFixedLengthRowValidator.m in Sources */ = {isa = PBXBuildFile; fileRef = D679F02F1B2951D5004F1C37 /* JYFixedLengthRowValidator.m */; };
		D679F0311B2951D5004F1C37 /* JYFixedLengthRowValidator.m in Sources */ = {isa = PBXBuildFile; fileRef = D679F02F1B2951D5004F1C37 /* JYFixedLengthRowValidator.m */; };
		D689ED621AE01F9C00CB4D2B /* JYDateView.m in Sources */ = {isa = PBXBuildFile; fileRef = D689ED611AE01F9C00CB4D2B /* JYDateView.m */; };
		D689ED631AE01F9C00CB4D2B /* JYDateView.m in Sources */ = {isa = PBXBuildFile; fileRef = D689ED611AE01F9C00CB4D2B /* JYDateView.m */; };
		D689ED6A1AE42C8300CB4D2B /* UIView+Joyy.m in Sources */ = {isa = PBXBuildFile; fileRef = D689ED691AE42C8300CB4D2B /* UIView+Joyy.m */; };
		D689ED6B1AE42C8300CB4D2B /* UIView+Joyy.m in Sources */ = {isa = PBXBuildFile; fileRef = D689ED691AE42C8300CB4D2B /* UIView+Joyy.m */; };
		D68DAF961AC4CACD00838E7E /* Constants.m in Sources */ = {isa = PBXBuildFile; fileRef = D68DAF931AC4CACD00838E7E /* Constants.m */; };
		D68DAF971AC4CACD00838E7E /* JYSignInViewController.m in Sources */ = {isa = PBXBuildFile; fileRef = D68DAF951AC4CACD00838E7E /* JYSignInViewController.m */; };
		D69202B21AC4C7C0001C1C3D /* main.m in Sources */ = {isa = PBXBuildFile; fileRef = D69202B11AC4C7C0001C1C3D /* main.m */; };
		D69202B51AC4C7C0001C1C3D /* AppDelegate.m in Sources */ = {isa = PBXBuildFile; fileRef = D69202B41AC4C7C0001C1C3D /* AppDelegate.m */; };
		D69202B81AC4C7C0001C1C3D /* JYOrderCategoryCollectionViewController.m in Sources */ = {isa = PBXBuildFile; fileRef = D69202B71AC4C7C0001C1C3D /* JYOrderCategoryCollectionViewController.m */; };
		D69202C01AC4C7C0001C1C3D /* Images.xcassets in Resources */ = {isa = PBXBuildFile; fileRef = D69202BF1AC4C7C0001C1C3D /* Images.xcassets */; };
		D69202C31AC4C7C0001C1C3D /* LaunchScreen.xib in Resources */ = {isa = PBXBuildFile; fileRef = D69202C11AC4C7C0001C1C3D /* LaunchScreen.xib */; };
		D69202CF1AC4C7C1001C1C3D /* joyyiosTests.m in Sources */ = {isa = PBXBuildFile; fileRef = D69202CE1AC4C7C1001C1C3D /* joyyiosTests.m */; };
		D6B2F05B1ACE630F009601B0 /* JYAutoCompleteTextField.m in Sources */ = {isa = PBXBuildFile; fileRef = D6B2F05A1ACE630F009601B0 /* JYAutoCompleteTextField.m */; };
		D6B2F05C1ACE630F009601B0 /* JYAutoCompleteTextField.m in Sources */ = {isa = PBXBuildFile; fileRef = D6B2F05A1ACE630F009601B0 /* JYAutoCompleteTextField.m */; };
		D6B2F0631ACF4755009601B0 /* JYOrderCreateDetailsViewController.m in Sources */ = {isa = PBXBuildFile; fileRef = D6B2F0621ACF4755009601B0 /* JYOrderCreateDetailsViewController.m */; };
		D6B2F0641ACF4755009601B0 /* JYOrderCreateDetailsViewController.m in Sources */ = {isa = PBXBuildFile; fileRef = D6B2F0621ACF4755009601B0 /* JYOrderCreateDetailsViewController.m */; };
		D6B2F0671AD1B5EC009601B0 /* JYMapDashBoardView.m in Sources */ = {isa = PBXBuildFile; fileRef = D6B2F0661AD1B5EC009601B0 /* JYMapDashBoardView.m */; };
		D6B2F0681AD1B5EC009601B0 /* JYMapDashBoardView.m in Sources */ = {isa = PBXBuildFile; fileRef = D6B2F0661AD1B5EC009601B0 /* JYMapDashBoardView.m */; };
		D6B2F0751AD318B6009601B0 /* JYPanGestureRecognizer.m in Sources */ = {isa = PBXBuildFile; fileRef = D6B2F0741AD318B6009601B0 /* JYPanGestureRecognizer.m */; };
		D6B2F0761AD318B6009601B0 /* JYPanGestureRecognizer.m in Sources */ = {isa = PBXBuildFile; fileRef = D6B2F0741AD318B6009601B0 /* JYPanGestureRecognizer.m */; };
		D6B2F07D1AD44370009601B0 /* JYExpandViewController.m in Sources */ = {isa = PBXBuildFile; fileRef = D6B2F07C1AD44370009601B0 /* JYExpandViewController.m */; };
		D6B2F07E1AD44370009601B0 /* JYExpandViewController.m in Sources */ = {isa = PBXBuildFile; fileRef = D6B2F07C1AD44370009601B0 /* JYExpandViewController.m */; };
		D6B2F0811AD5A679009601B0 /* JYPlacesViewController.m in Sources */ = {isa = PBXBuildFile; fileRef = D6B2F0801AD5A679009601B0 /* JYPlacesViewController.m */; };
		D6B2F0821AD5A679009601B0 /* JYPlacesViewController.m in Sources */ = {isa = PBXBuildFile; fileRef = D6B2F0801AD5A679009601B0 /* JYPlacesViewController.m */; };
		D6B2F0851AD5E165009601B0 /* JYPlacesViewCell.m in Sources */ = {isa = PBXBuildFile; fileRef = D6B2F0841AD5E165009601B0 /* JYPlacesViewCell.m */; };
		D6B2F0861AD5E165009601B0 /* JYPlacesViewCell.m in Sources */ = {isa = PBXBuildFile; fileRef = D6B2F0841AD5E165009601B0 /* JYPlacesViewCell.m */; };
		D6B2F08D1AD714DA009601B0 /* JYOrder.m in Sources */ = {isa = PBXBuildFile; fileRef = D6B2F08C1AD714DA009601B0 /* JYOrder.m */; };
		D6B2F08E1AD714DA009601B0 /* JYOrder.m in Sources */ = {isa = PBXBuildFile; fileRef = D6B2F08C1AD714DA009601B0 /* JYOrder.m */; };
		D6C82B551B0D9FAE00876F57 /* JYCommentsViewController.m in Sources */ = {isa = PBXBuildFile; fileRef = D6C82B541B0D9FAE00876F57 /* JYCommentsViewController.m */; };
		D6C82B561B0D9FAE00876F57 /* JYCommentsViewController.m in Sources */ = {isa = PBXBuildFile; fileRef = D6C82B541B0D9FAE00876F57 /* JYCommentsViewController.m */; };
		D6C82B5C1B0EFDEA00876F57 /* JYCommentTextView.m in Sources */ = {isa = PBXBuildFile; fileRef = D6C82B5B1B0EFDEA00876F57 /* JYCommentTextView.m */; };
		D6C82B5D1B0EFDEA00876F57 /* JYCommentTextView.m in Sources */ = {isa = PBXBuildFile; fileRef = D6C82B5B1B0EFDEA00876F57 /* JYCommentTextView.m */; };
		D6C82B651B12551500876F57 /* JYBid.m in Sources */ = {isa = PBXBuildFile; fileRef = D6C82B641B12551500876F57 /* JYBid.m */; };
		D6C82B661B12551500876F57 /* JYBid.m in Sources */ = {isa = PBXBuildFile; fileRef = D6C82B641B12551500876F57 /* JYBid.m */; };
		D6C82B691B12553D00876F57 /* JYComment.m in Sources */ = {isa = PBXBuildFile; fileRef = D6C82B681B12553D00876F57 /* JYComment.m */; };
		D6C82B6A1B12553D00876F57 /* JYComment.m in Sources */ = {isa = PBXBuildFile; fileRef = D6C82B681B12553D00876F57 /* JYComment.m */; };
		D6C82B731B13EB1100876F57 /* JYOrdersBaseViewController.m in Sources */ = {isa = PBXBuildFile; fileRef = D6C82B721B13EB1100876F57 /* JYOrdersBaseViewController.m */; };
		D6C82B741B13EB1100876F57 /* JYOrdersBaseViewController.m in Sources */ = {isa = PBXBuildFile; fileRef = D6C82B721B13EB1100876F57 /* JYOrdersBaseViewController.m */; };
		D6F4A0511AF6A156001A3C89 /* AppConst.m in Sources */ = {isa = PBXBuildFile; fileRef = D6F4A0501AF6A156001A3C89 /* AppConst.m */; };
		D6F4A0521AF6A156001A3C89 /* AppConst.m in Sources */ = {isa = PBXBuildFile; fileRef = D6F4A0501AF6A156001A3C89 /* AppConst.m */; };
/* End PBXBuildFile section */

/* Begin PBXContainerItemProxy section */
		D69202C91AC4C7C1001C1C3D /* PBXContainerItemProxy */ = {
			isa = PBXContainerItemProxy;
			containerPortal = D69202A41AC4C7C0001C1C3D /* Project object */;
			proxyType = 1;
			remoteGlobalIDString = D69202AB1AC4C7C0001C1C3D;
			remoteInfo = joyyios;
		};
/* End PBXContainerItemProxy section */

/* Begin PBXFileReference section */
		47240DA3592328D7C382C992 /* Pods.debug.xcconfig */ = {isa = PBXFileReference; includeInIndex = 1; lastKnownFileType = text.xcconfig; name = Pods.debug.xcconfig; path = "Pods/Target Support Files/Pods/Pods.debug.xcconfig"; sourceTree = "<group>"; };
		8E034C4F8FC61E210B60EDCC /* libPods.a */ = {isa = PBXFileReference; explicitFileType = archive.ar; includeInIndex = 0; path = libPods.a; sourceTree = BUILT_PRODUCTS_DIR; };
		D6348D251ADA3BC90002BC35 /* JYPriceTextFieldCell.h */ = {isa = PBXFileReference; fileEncoding = 4; lastKnownFileType = sourcecode.c.h; path = JYPriceTextFieldCell.h; sourceTree = "<group>"; };
		D6348D261ADA3BC90002BC35 /* JYPriceTextFieldCell.m */ = {isa = PBXFileReference; fileEncoding = 4; lastKnownFileType = sourcecode.c.objc; path = JYPriceTextFieldCell.m; sourceTree = "<group>"; };
		D6348D291ADA4A180002BC35 /* JYRestrictedTextViewCell.h */ = {isa = PBXFileReference; fileEncoding = 4; lastKnownFileType = sourcecode.c.h; path = JYRestrictedTextViewCell.h; sourceTree = "<group>"; };
		D6348D2A1ADA4A650002BC35 /* JYRestrictedTextViewCell.m */ = {isa = PBXFileReference; fileEncoding = 4; lastKnownFileType = sourcecode.c.objc; path = JYRestrictedTextViewCell.m; sourceTree = "<group>"; };
		D6348D2D1ADB4DD60002BC35 /* NSString+Joyy.h */ = {isa = PBXFileReference; fileEncoding = 4; lastKnownFileType = sourcecode.c.h; path = "NSString+Joyy.h"; sourceTree = "<group>"; };
		D6348D2E1ADB4DD60002BC35 /* NSString+Joyy.m */ = {isa = PBXFileReference; fileEncoding = 4; lastKnownFileType = sourcecode.c.objc; path = "NSString+Joyy.m"; sourceTree = "<group>"; };
		D6348D351ADB7ABC0002BC35 /* NSMutableDictionary+Joyy.h */ = {isa = PBXFileReference; fileEncoding = 4; lastKnownFileType = sourcecode.c.h; path = "NSMutableDictionary+Joyy.h"; sourceTree = "<group>"; };
		D6348D361ADB7ABC0002BC35 /* NSMutableDictionary+Joyy.m */ = {isa = PBXFileReference; fileEncoding = 4; lastKnownFileType = sourcecode.c.objc; path = "NSMutableDictionary+Joyy.m"; sourceTree = "<group>"; };
		D63B69A71AC51302005600A9 /* UIFont+Joyy.h */ = {isa = PBXFileReference; fileEncoding = 4; lastKnownFileType = sourcecode.c.h; path = "UIFont+Joyy.h"; sourceTree = "<group>"; };
		D63B69A81AC51302005600A9 /* UIFont+Joyy.m */ = {isa = PBXFileReference; fileEncoding = 4; lastKnownFileType = sourcecode.c.objc; path = "UIFont+Joyy.m"; sourceTree = "<group>"; };
		D63B69B01AC51D61005600A9 /* JYSignBaseViewController.h */ = {isa = PBXFileReference; fileEncoding = 4; lastKnownFileType = sourcecode.c.h; path = JYSignBaseViewController.h; sourceTree = "<group>"; };
		D63B69B11AC51D61005600A9 /* JYSignBaseViewController.m */ = {isa = PBXFileReference; fileEncoding = 4; lastKnownFileType = sourcecode.c.objc; path = JYSignBaseViewController.m; sourceTree = "<group>"; };
		D63B69B41AC53BB4005600A9 /* JYFloatLabeledTextField.h */ = {isa = PBXFileReference; fileEncoding = 4; lastKnownFileType = sourcecode.c.h; path = JYFloatLabeledTextField.h; sourceTree = "<group>"; };
		D63B69B51AC53BB4005600A9 /* JYFloatLabeledTextField.m */ = {isa = PBXFileReference; fileEncoding = 4; lastKnownFileType = sourcecode.c.objc; path = JYFloatLabeledTextField.m; sourceTree = "<group>"; };
		D63B69B81AC624F8005600A9 /* JYAutoCompleteDataSource.h */ = {isa = PBXFileReference; fileEncoding = 4; lastKnownFileType = sourcecode.c.h; path = JYAutoCompleteDataSource.h; sourceTree = "<group>"; };
		D63B69B91AC624F8005600A9 /* JYAutoCompleteDataSource.m */ = {isa = PBXFileReference; fileEncoding = 4; lastKnownFileType = sourcecode.c.objc; path = JYAutoCompleteDataSource.m; sourceTree = "<group>"; };
		D63F0D531AC7ACB70067C5EE /* JYSignUpViewController.h */ = {isa = PBXFileReference; fileEncoding = 4; lastKnownFileType = sourcecode.c.h; path = JYSignUpViewController.h; sourceTree = "<group>"; };
		D63F0D541AC7ACB70067C5EE /* JYSignUpViewController.m */ = {isa = PBXFileReference; fileEncoding = 4; lastKnownFileType = sourcecode.c.objc; path = JYSignUpViewController.m; sourceTree = "<group>"; };
		D63F0D571AC7CFF20067C5EE /* JYButton.h */ = {isa = PBXFileReference; fileEncoding = 4; lastKnownFileType = sourcecode.c.h; path = JYButton.h; sourceTree = "<group>"; };
		D63F0D581AC7CFF20067C5EE /* JYButton.m */ = {isa = PBXFileReference; fileEncoding = 4; lastKnownFileType = sourcecode.c.objc; path = JYButton.m; sourceTree = "<group>"; };
		D63F0D6F1AC9EC060067C5EE /* JYUser.h */ = {isa = PBXFileReference; fileEncoding = 4; lastKnownFileType = sourcecode.c.h; path = JYUser.h; sourceTree = "<group>"; };
		D63F0D701AC9EC060067C5EE /* JYUser.m */ = {isa = PBXFileReference; fileEncoding = 4; lastKnownFileType = sourcecode.c.objc; path = JYUser.m; sourceTree = "<group>"; };
		D63F0D731AC9F6F80067C5EE /* DataStore.h */ = {isa = PBXFileReference; fileEncoding = 4; lastKnownFileType = sourcecode.c.h; path = DataStore.h; sourceTree = "<group>"; };
		D63F0D741AC9F6F80067C5EE /* DataStore.m */ = {isa = PBXFileReference; fileEncoding = 4; lastKnownFileType = sourcecode.c.objc; path = DataStore.m; sourceTree = "<group>"; };
		D63F0D7B1ACA5E260067C5EE /* JYSignViewController.h */ = {isa = PBXFileReference; fileEncoding = 4; lastKnownFileType = sourcecode.c.h; path = JYSignViewController.h; sourceTree = "<group>"; };
		D63F0D7C1ACA5E260067C5EE /* JYSignViewController.m */ = {isa = PBXFileReference; fileEncoding = 4; lastKnownFileType = sourcecode.c.objc; path = JYSignViewController.m; sourceTree = "<group>"; };
		D63F0D8A1ACBBF1F0067C5EE /* JYCollectionViewCell.h */ = {isa = PBXFileReference; fileEncoding = 4; lastKnownFileType = sourcecode.c.h; path = JYCollectionViewCell.h; sourceTree = "<group>"; };
		D63F0D8B1ACBBF1F0067C5EE /* JYCollectionViewCell.m */ = {isa = PBXFileReference; fileEncoding = 4; lastKnownFileType = sourcecode.c.objc; path = JYCollectionViewCell.m; sourceTree = "<group>"; };
		D63F0D951ACC95B00067C5EE /* JYOrderCreateLocationViewController.h */ = {isa = PBXFileReference; fileEncoding = 4; lastKnownFileType = sourcecode.c.h; path = JYOrderCreateLocationViewController.h; sourceTree = "<group>"; };
		D63F0D961ACC95B00067C5EE /* JYOrderCreateLocationViewController.m */ = {isa = PBXFileReference; fileEncoding = 4; lastKnownFileType = sourcecode.c.objc; path = JYOrderCreateLocationViewController.m; sourceTree = "<group>"; };
		D63F0D991ACC96230067C5EE /* MapKit.framework */ = {isa = PBXFileReference; lastKnownFileType = wrapper.framework; name = MapKit.framework; path = System/Library/Frameworks/MapKit.framework; sourceTree = SDKROOT; };
		D63F0D9B1ACCEB420067C5EE /* JYServiceCategory.h */ = {isa = PBXFileReference; fileEncoding = 4; lastKnownFileType = sourcecode.c.h; path = JYServiceCategory.h; sourceTree = "<group>"; };
		D63F0D9C1ACCEB420067C5EE /* JYServiceCategory.m */ = {isa = PBXFileReference; fileEncoding = 4; lastKnownFileType = sourcecode.c.objc; path = JYServiceCategory.m; sourceTree = "<group>"; };
		D63F0DA01ACD08260067C5EE /* UIColor+Joyy.h */ = {isa = PBXFileReference; fileEncoding = 4; lastKnownFileType = sourcecode.c.h; path = "UIColor+Joyy.h"; sourceTree = "<group>"; };
		D63F0DA11ACD08260067C5EE /* UIColor+Joyy.m */ = {isa = PBXFileReference; fileEncoding = 4; lastKnownFileType = sourcecode.c.objc; path = "UIColor+Joyy.m"; sourceTree = "<group>"; };
		D63F0DA41ACD16190067C5EE /* CoreLocation.framework */ = {isa = PBXFileReference; lastKnownFileType = wrapper.framework; name = CoreLocation.framework; path = System/Library/Frameworks/CoreLocation.framework; sourceTree = SDKROOT; };
		D63F0DA61ACDFD1D0067C5EE /* JYPinAnnotationView.h */ = {isa = PBXFileReference; fileEncoding = 4; lastKnownFileType = sourcecode.c.h; path = JYPinAnnotationView.h; sourceTree = "<group>"; };
		D63F0DA71ACDFD1D0067C5EE /* JYPinAnnotationView.m */ = {isa = PBXFileReference; fileEncoding = 4; lastKnownFileType = sourcecode.c.objc; path = JYPinAnnotationView.m; sourceTree = "<group>"; };
		D63F0DAA1ACE56E30067C5EE /* JYPinchGestureRecognizer.h */ = {isa = PBXFileReference; fileEncoding = 4; lastKnownFileType = sourcecode.c.h; path = JYPinchGestureRecognizer.h; sourceTree = "<group>"; };
		D63F0DAB1ACE56E30067C5EE /* JYPinchGestureRecognizer.m */ = {isa = PBXFileReference; fileEncoding = 4; lastKnownFileType = sourcecode.c.objc; path = JYPinchGestureRecognizer.m; sourceTree = "<group>"; };
		D65AFA5C1AEC715D007867D0 /* JYOrdersUnpaidViewController.h */ = {isa = PBXFileReference; fileEncoding = 4; lastKnownFileType = sourcecode.c.h; path = JYOrdersUnpaidViewController.h; sourceTree = "<group>"; };
		D65AFA5D1AEC715D007867D0 /* JYOrdersUnpaidViewController.m */ = {isa = PBXFileReference; fileEncoding = 4; lastKnownFileType = sourcecode.c.objc; path = JYOrdersUnpaidViewController.m; sourceTree = "<group>"; };
		D65AFA601AEC791D007867D0 /* JYBidViewCell.h */ = {isa = PBXFileReference; fileEncoding = 4; lastKnownFileType = sourcecode.c.h; path = JYBidViewCell.h; sourceTree = "<group>"; };
		D65AFA611AEC791D007867D0 /* JYBidViewCell.m */ = {isa = PBXFileReference; fileEncoding = 4; lastKnownFileType = sourcecode.c.objc; path = JYBidViewCell.m; sourceTree = "<group>"; };
		D65AFA641AEDEF3D007867D0 /* JYOrderCard.h */ = {isa = PBXFileReference; fileEncoding = 4; lastKnownFileType = sourcecode.c.h; path = JYOrderCard.h; sourceTree = "<group>"; };
		D65AFA651AEDEF3D007867D0 /* JYOrderCard.m */ = {isa = PBXFileReference; fileEncoding = 4; lastKnownFileType = sourcecode.c.objc; path = JYOrderCard.m; sourceTree = "<group>"; };
		D65AFA6F1AEF5F3A007867D0 /* UICustomActionSheet.h */ = {isa = PBXFileReference; fileEncoding = 4; lastKnownFileType = sourcecode.c.h; path = UICustomActionSheet.h; sourceTree = "<group>"; };
		D65AFA701AEF5F3A007867D0 /* UICustomActionSheet.m */ = {isa = PBXFileReference; fileEncoding = 4; lastKnownFileType = sourcecode.c.objc; path = UICustomActionSheet.m; sourceTree = "<group>"; };
		D65AFA711AEF5F3A007867D0 /* UIImageEffects.h */ = {isa = PBXFileReference; fileEncoding = 4; lastKnownFileType = sourcecode.c.h; path = UIImageEffects.h; sourceTree = "<group>"; };
		D65AFA721AEF5F3A007867D0 /* UIImageEffects.m */ = {isa = PBXFileReference; fileEncoding = 4; lastKnownFileType = sourcecode.c.objc; path = UIImageEffects.m; sourceTree = "<group>"; };
		D65F37441B04807D007B534C /* JYCommentViewCell.h */ = {isa = PBXFileReference; fileEncoding = 4; lastKnownFileType = sourcecode.c.h; path = JYCommentViewCell.h; sourceTree = "<group>"; };
		D65F37451B04807D007B534C /* JYCommentViewCell.m */ = {isa = PBXFileReference; fileEncoding = 4; lastKnownFileType = sourcecode.c.objc; path = JYCommentViewCell.m; sourceTree = "<group>"; };
		D679F0241B1C39BB004F1C37 /* JYFloatLabeledTextFieldCell.h */ = {isa = PBXFileReference; fileEncoding = 4; lastKnownFileType = sourcecode.c.h; path = JYFloatLabeledTextFieldCell.h; sourceTree = "<group>"; };
		D679F0251B1C39BB004F1C37 /* JYFloatLabeledTextFieldCell.m */ = {isa = PBXFileReference; fileEncoding = 4; lastKnownFileType = sourcecode.c.objc; path = JYFloatLabeledTextFieldCell.m; sourceTree = "<group>"; };
		D679F02E1B2951D5004F1C37 /* JYFixedLengthRowValidator.h */ = {isa = PBXFileReference; fileEncoding = 4; lastKnownFileType = sourcecode.c.h; path = JYFixedLengthRowValidator.h; sourceTree = "<group>"; };
		D679F02F1B2951D5004F1C37 /* JYFixedLengthRowValidator.m */ = {isa = PBXFileReference; fileEncoding = 4; lastKnownFileType = sourcecode.c.objc; path = JYFixedLengthRowValidator.m; sourceTree = "<group>"; };
		D679F03F1B320EEA004F1C37 /* joyyios.entitlements */ = {isa = PBXFileReference; lastKnownFileType = text.xml; path = joyyios.entitlements; sourceTree = "<group>"; };
		D689ED601AE01F9C00CB4D2B /* JYDateView.h */ = {isa = PBXFileReference; fileEncoding = 4; lastKnownFileType = sourcecode.c.h; path = JYDateView.h; sourceTree = "<group>"; };
		D689ED611AE01F9C00CB4D2B /* JYDateView.m */ = {isa = PBXFileReference; fileEncoding = 4; lastKnownFileType = sourcecode.c.objc; path = JYDateView.m; sourceTree = "<group>"; };
		D689ED681AE42C8300CB4D2B /* UIView+Joyy.h */ = {isa = PBXFileReference; fileEncoding = 4; lastKnownFileType = sourcecode.c.h; path = "UIView+Joyy.h"; sourceTree = "<group>"; };
		D689ED691AE42C8300CB4D2B /* UIView+Joyy.m */ = {isa = PBXFileReference; fileEncoding = 4; lastKnownFileType = sourcecode.c.objc; path = "UIView+Joyy.m"; sourceTree = "<group>"; };
		D68DAF921AC4CACD00838E7E /* Constants.h */ = {isa = PBXFileReference; fileEncoding = 4; lastKnownFileType = sourcecode.c.h; path = Constants.h; sourceTree = "<group>"; };
		D68DAF931AC4CACD00838E7E /* Constants.m */ = {isa = PBXFileReference; fileEncoding = 4; lastKnownFileType = sourcecode.c.objc; path = Constants.m; sourceTree = "<group>"; };
		D68DAF941AC4CACD00838E7E /* JYSignInViewController.h */ = {isa = PBXFileReference; fileEncoding = 4; lastKnownFileType = sourcecode.c.h; path = JYSignInViewController.h; sourceTree = "<group>"; };
		D68DAF951AC4CACD00838E7E /* JYSignInViewController.m */ = {isa = PBXFileReference; fileEncoding = 4; lastKnownFileType = sourcecode.c.objc; path = JYSignInViewController.m; sourceTree = "<group>"; };
		D68DAF981AC4CB0900838E7E /* Prefix.pch */ = {isa = PBXFileReference; fileEncoding = 4; lastKnownFileType = sourcecode.c.h; name = Prefix.pch; path = ../Prefix.pch; sourceTree = "<group>"; };
		D69202AC1AC4C7C0001C1C3D /* joyyios.app */ = {isa = PBXFileReference; explicitFileType = wrapper.application; includeInIndex = 0; path = joyyios.app; sourceTree = BUILT_PRODUCTS_DIR; };
		D69202B01AC4C7C0001C1C3D /* Info.plist */ = {isa = PBXFileReference; lastKnownFileType = text.plist.xml; path = Info.plist; sourceTree = "<group>"; };
		D69202B11AC4C7C0001C1C3D /* main.m */ = {isa = PBXFileReference; lastKnownFileType = sourcecode.c.objc; path = main.m; sourceTree = "<group>"; };
		D69202B31AC4C7C0001C1C3D /* AppDelegate.h */ = {isa = PBXFileReference; lastKnownFileType = sourcecode.c.h; path = AppDelegate.h; sourceTree = "<group>"; };
		D69202B41AC4C7C0001C1C3D /* AppDelegate.m */ = {isa = PBXFileReference; lastKnownFileType = sourcecode.c.objc; path = AppDelegate.m; sourceTree = "<group>"; };
		D69202B61AC4C7C0001C1C3D /* JYOrderCategoryCollectionViewController.h */ = {isa = PBXFileReference; lastKnownFileType = sourcecode.c.h; path = JYOrderCategoryCollectionViewController.h; sourceTree = "<group>"; };
		D69202B71AC4C7C0001C1C3D /* JYOrderCategoryCollectionViewController.m */ = {isa = PBXFileReference; lastKnownFileType = sourcecode.c.objc; path = JYOrderCategoryCollectionViewController.m; sourceTree = "<group>"; };
		D69202BF1AC4C7C0001C1C3D /* Images.xcassets */ = {isa = PBXFileReference; lastKnownFileType = folder.assetcatalog; path = Images.xcassets; sourceTree = "<group>"; };
		D69202C21AC4C7C0001C1C3D /* Base */ = {isa = PBXFileReference; lastKnownFileType = file.xib; name = Base; path = Base.lproj/LaunchScreen.xib; sourceTree = "<group>"; };
		D69202C81AC4C7C1001C1C3D /* joyyiosTests.xctest */ = {isa = PBXFileReference; explicitFileType = wrapper.cfbundle; includeInIndex = 0; path = joyyiosTests.xctest; sourceTree = BUILT_PRODUCTS_DIR; };
		D69202CD1AC4C7C1001C1C3D /* Info.plist */ = {isa = PBXFileReference; lastKnownFileType = text.plist.xml; path = Info.plist; sourceTree = "<group>"; };
		D69202CE1AC4C7C1001C1C3D /* joyyiosTests.m */ = {isa = PBXFileReference; lastKnownFileType = sourcecode.c.objc; path = joyyiosTests.m; sourceTree = "<group>"; };
		D6B2F0591ACE630F009601B0 /* JYAutoCompleteTextField.h */ = {isa = PBXFileReference; fileEncoding = 4; lastKnownFileType = sourcecode.c.h; path = JYAutoCompleteTextField.h; sourceTree = "<group>"; };
		D6B2F05A1ACE630F009601B0 /* JYAutoCompleteTextField.m */ = {isa = PBXFileReference; fileEncoding = 4; lastKnownFileType = sourcecode.c.objc; path = JYAutoCompleteTextField.m; sourceTree = "<group>"; };
		D6B2F0611ACF4755009601B0 /* JYOrderCreateDetailsViewController.h */ = {isa = PBXFileReference; fileEncoding = 4; lastKnownFileType = sourcecode.c.h; path = JYOrderCreateDetailsViewController.h; sourceTree = "<group>"; };
		D6B2F0621ACF4755009601B0 /* JYOrderCreateDetailsViewController.m */ = {isa = PBXFileReference; fileEncoding = 4; lastKnownFileType = sourcecode.c.objc; path = JYOrderCreateDetailsViewController.m; sourceTree = "<group>"; };
		D6B2F0651AD1B5EC009601B0 /* JYMapDashBoardView.h */ = {isa = PBXFileReference; fileEncoding = 4; lastKnownFileType = sourcecode.c.h; path = JYMapDashBoardView.h; sourceTree = "<group>"; };
		D6B2F0661AD1B5EC009601B0 /* JYMapDashBoardView.m */ = {isa = PBXFileReference; fileEncoding = 4; lastKnownFileType = sourcecode.c.objc; path = JYMapDashBoardView.m; sourceTree = "<group>"; };
		D6B2F0731AD318B6009601B0 /* JYPanGestureRecognizer.h */ = {isa = PBXFileReference; fileEncoding = 4; lastKnownFileType = sourcecode.c.h; path = JYPanGestureRecognizer.h; sourceTree = "<group>"; };
		D6B2F0741AD318B6009601B0 /* JYPanGestureRecognizer.m */ = {isa = PBXFileReference; fileEncoding = 4; lastKnownFileType = sourcecode.c.objc; path = JYPanGestureRecognizer.m; sourceTree = "<group>"; };
		D6B2F07B1AD44370009601B0 /* JYExpandViewController.h */ = {isa = PBXFileReference; fileEncoding = 4; lastKnownFileType = sourcecode.c.h; path = JYExpandViewController.h; sourceTree = "<group>"; };
		D6B2F07C1AD44370009601B0 /* JYExpandViewController.m */ = {isa = PBXFileReference; fileEncoding = 4; lastKnownFileType = sourcecode.c.objc; path = JYExpandViewController.m; sourceTree = "<group>"; };
		D6B2F07F1AD5A679009601B0 /* JYPlacesViewController.h */ = {isa = PBXFileReference; fileEncoding = 4; lastKnownFileType = sourcecode.c.h; path = JYPlacesViewController.h; sourceTree = "<group>"; };
		D6B2F0801AD5A679009601B0 /* JYPlacesViewController.m */ = {isa = PBXFileReference; fileEncoding = 4; lastKnownFileType = sourcecode.c.objc; path = JYPlacesViewController.m; sourceTree = "<group>"; };
		D6B2F0831AD5E165009601B0 /* JYPlacesViewCell.h */ = {isa = PBXFileReference; fileEncoding = 4; lastKnownFileType = sourcecode.c.h; path = JYPlacesViewCell.h; sourceTree = "<group>"; };
		D6B2F0841AD5E165009601B0 /* JYPlacesViewCell.m */ = {isa = PBXFileReference; fileEncoding = 4; lastKnownFileType = sourcecode.c.objc; path = JYPlacesViewCell.m; sourceTree = "<group>"; };
		D6B2F08B1AD714DA009601B0 /* JYOrder.h */ = {isa = PBXFileReference; fileEncoding = 4; lastKnownFileType = sourcecode.c.h; path = JYOrder.h; sourceTree = "<group>"; };
		D6B2F08C1AD714DA009601B0 /* JYOrder.m */ = {isa = PBXFileReference; fileEncoding = 4; lastKnownFileType = sourcecode.c.objc; path = JYOrder.m; sourceTree = "<group>"; };
		D6C82B531B0D9FAE00876F57 /* JYCommentsViewController.h */ = {isa = PBXFileReference; fileEncoding = 4; lastKnownFileType = sourcecode.c.h; path = JYCommentsViewController.h; sourceTree = "<group>"; };
		D6C82B541B0D9FAE00876F57 /* JYCommentsViewController.m */ = {isa = PBXFileReference; fileEncoding = 4; lastKnownFileType = sourcecode.c.objc; path = JYCommentsViewController.m; sourceTree = "<group>"; };
		D6C82B5A1B0EFDEA00876F57 /* JYCommentTextView.h */ = {isa = PBXFileReference; fileEncoding = 4; lastKnownFileType = sourcecode.c.h; path = JYCommentTextView.h; sourceTree = "<group>"; };
		D6C82B5B1B0EFDEA00876F57 /* JYCommentTextView.m */ = {isa = PBXFileReference; fileEncoding = 4; lastKnownFileType = sourcecode.c.objc; path = JYCommentTextView.m; sourceTree = "<group>"; };
		D6C82B631B12551500876F57 /* JYBid.h */ = {isa = PBXFileReference; fileEncoding = 4; lastKnownFileType = sourcecode.c.h; path = JYBid.h; sourceTree = "<group>"; };
		D6C82B641B12551500876F57 /* JYBid.m */ = {isa = PBXFileReference; fileEncoding = 4; lastKnownFileType = sourcecode.c.objc; path = JYBid.m; sourceTree = "<group>"; };
		D6C82B671B12553D00876F57 /* JYComment.h */ = {isa = PBXFileReference; fileEncoding = 4; lastKnownFileType = sourcecode.c.h; path = JYComment.h; sourceTree = "<group>"; };
		D6C82B681B12553D00876F57 /* JYComment.m */ = {isa = PBXFileReference; fileEncoding = 4; lastKnownFileType = sourcecode.c.objc; path = JYComment.m; sourceTree = "<group>"; };
		D6C82B711B13EB1100876F57 /* JYOrdersBaseViewController.h */ = {isa = PBXFileReference; fileEncoding = 4; lastKnownFileType = sourcecode.c.h; path = JYOrdersBaseViewController.h; sourceTree = "<group>"; };
		D6C82B721B13EB1100876F57 /* JYOrdersBaseViewController.m */ = {isa = PBXFileReference; fileEncoding = 4; lastKnownFileType = sourcecode.c.objc; path = JYOrdersBaseViewController.m; sourceTree = "<group>"; };
		D6F4A04F1AF6A12D001A3C89 /* AppConst.h */ = {isa = PBXFileReference; fileEncoding = 4; lastKnownFileType = sourcecode.c.h; path = AppConst.h; sourceTree = "<group>"; };
		D6F4A0501AF6A156001A3C89 /* AppConst.m */ = {isa = PBXFileReference; fileEncoding = 4; lastKnownFileType = sourcecode.c.objc; path = AppConst.m; sourceTree = "<group>"; };
		F67CA15F6F0CAF970CBFB660 /* Pods.release.xcconfig */ = {isa = PBXFileReference; includeInIndex = 1; lastKnownFileType = text.xcconfig; name = Pods.release.xcconfig; path = "Pods/Target Support Files/Pods/Pods.release.xcconfig"; sourceTree = "<group>"; };
/* End PBXFileReference section */

/* Begin PBXFrameworksBuildPhase section */
		D69202A91AC4C7C0001C1C3D /* Frameworks */ = {
			isa = PBXFrameworksBuildPhase;
			buildActionMask = 2147483647;
			files = (
				D63F0DA51ACD16190067C5EE /* CoreLocation.framework in Frameworks */,
				D63F0D9A1ACC96230067C5EE /* MapKit.framework in Frameworks */,
				743498E564A05714440866C9 /* libPods.a in Frameworks */,
			);
			runOnlyForDeploymentPostprocessing = 0;
		};
		D69202C51AC4C7C1001C1C3D /* Frameworks */ = {
			isa = PBXFrameworksBuildPhase;
			buildActionMask = 2147483647;
			files = (
				665FCD8CB532AA82E3F40351 /* libPods.a in Frameworks */,
			);
			runOnlyForDeploymentPostprocessing = 0;
		};
/* End PBXFrameworksBuildPhase section */

/* Begin PBXGroup section */
		BAFC25926427497A2BE7F7A7 /* Pods */ = {
			isa = PBXGroup;
			children = (
				47240DA3592328D7C382C992 /* Pods.debug.xcconfig */,
				F67CA15F6F0CAF970CBFB660 /* Pods.release.xcconfig */,
			);
			name = Pods;
			sourceTree = "<group>";
		};
		D63B69AB1AC5184D005600A9 /* Components */ = {
			isa = PBXGroup;
			children = (
				D65AFA6F1AEF5F3A007867D0 /* UICustomActionSheet.h */,
				D65AFA701AEF5F3A007867D0 /* UICustomActionSheet.m */,
				D65AFA711AEF5F3A007867D0 /* UIImageEffects.h */,
				D65AFA721AEF5F3A007867D0 /* UIImageEffects.m */,
				D63B69B81AC624F8005600A9 /* JYAutoCompleteDataSource.h */,
				D63B69B91AC624F8005600A9 /* JYAutoCompleteDataSource.m */,
				D6B2F0591ACE630F009601B0 /* JYAutoCompleteTextField.h */,
				D6B2F05A1ACE630F009601B0 /* JYAutoCompleteTextField.m */,
				D65AFA601AEC791D007867D0 /* JYBidViewCell.h */,
				D65AFA611AEC791D007867D0 /* JYBidViewCell.m */,
				D63F0D571AC7CFF20067C5EE /* JYButton.h */,
				D63F0D581AC7CFF20067C5EE /* JYButton.m */,
				D63F0D8A1ACBBF1F0067C5EE /* JYCollectionViewCell.h */,
				D63F0D8B1ACBBF1F0067C5EE /* JYCollectionViewCell.m */,
				D6C82B5A1B0EFDEA00876F57 /* JYCommentTextView.h */,
				D6C82B5B1B0EFDEA00876F57 /* JYCommentTextView.m */,
				D65F37441B04807D007B534C /* JYCommentViewCell.h */,
				D65F37451B04807D007B534C /* JYCommentViewCell.m */,
				D6C82B531B0D9FAE00876F57 /* JYCommentsViewController.h */,
				D6C82B541B0D9FAE00876F57 /* JYCommentsViewController.m */,
				D689ED601AE01F9C00CB4D2B /* JYDateView.h */,
				D689ED611AE01F9C00CB4D2B /* JYDateView.m */,
				D6B2F07B1AD44370009601B0 /* JYExpandViewController.h */,
				D6B2F07C1AD44370009601B0 /* JYExpandViewController.m */,
				D679F02E1B2951D5004F1C37 /* JYFixedLengthRowValidator.h */,
				D679F02F1B2951D5004F1C37 /* JYFixedLengthRowValidator.m */,
				D63B69B41AC53BB4005600A9 /* JYFloatLabeledTextField.h */,
				D63B69B51AC53BB4005600A9 /* JYFloatLabeledTextField.m */,
				D679F0241B1C39BB004F1C37 /* JYFloatLabeledTextFieldCell.h */,
				D679F0251B1C39BB004F1C37 /* JYFloatLabeledTextFieldCell.m */,
				D6B2F0651AD1B5EC009601B0 /* JYMapDashBoardView.h */,
				D6B2F0661AD1B5EC009601B0 /* JYMapDashBoardView.m */,
				D65AFA641AEDEF3D007867D0 /* JYOrderCard.h */,
				D65AFA651AEDEF3D007867D0 /* JYOrderCard.m */,
				D6B2F0731AD318B6009601B0 /* JYPanGestureRecognizer.h */,
				D6B2F0741AD318B6009601B0 /* JYPanGestureRecognizer.m */,
				D63F0DA61ACDFD1D0067C5EE /* JYPinAnnotationView.h */,
				D63F0DA71ACDFD1D0067C5EE /* JYPinAnnotationView.m */,
				D63F0DAA1ACE56E30067C5EE /* JYPinchGestureRecognizer.h */,
				D63F0DAB1ACE56E30067C5EE /* JYPinchGestureRecognizer.m */,
				D6B2F0831AD5E165009601B0 /* JYPlacesViewCell.h */,
				D6B2F0841AD5E165009601B0 /* JYPlacesViewCell.m */,
				D6B2F07F1AD5A679009601B0 /* JYPlacesViewController.h */,
				D6B2F0801AD5A679009601B0 /* JYPlacesViewController.m */,
				D6348D251ADA3BC90002BC35 /* JYPriceTextFieldCell.h */,
				D6348D261ADA3BC90002BC35 /* JYPriceTextFieldCell.m */,
				D6348D291ADA4A180002BC35 /* JYRestrictedTextViewCell.h */,
				D6348D2A1ADA4A650002BC35 /* JYRestrictedTextViewCell.m */,
			);
			name = Components;
			sourceTree = "<group>";
		};
		D63F0D871ACBBDF30067C5EE /* Order */ = {
			isa = PBXGroup;
			children = (
				D6F4A0561AF6DF5A001A3C89 /* My */,
				D63F0D881ACBBE280067C5EE /* Create */,
			);
			name = Order;
			sourceTree = "<group>";
		};
		D63F0D881ACBBE280067C5EE /* Create */ = {
			isa = PBXGroup;
			children = (
				D69202B61AC4C7C0001C1C3D /* JYOrderCategoryCollectionViewController.h */,
				D69202B71AC4C7C0001C1C3D /* JYOrderCategoryCollectionViewController.m */,
				D63F0D951ACC95B00067C5EE /* JYOrderCreateLocationViewController.h */,
				D63F0D961ACC95B00067C5EE /* JYOrderCreateLocationViewController.m */,
				D6B2F0611ACF4755009601B0 /* JYOrderCreateDetailsViewController.h */,
				D6B2F0621ACF4755009601B0 /* JYOrderCreateDetailsViewController.m */,
			);
			name = Create;
			sourceTree = "<group>";
		};
		D68DAF991AC4CD0800838E7E /* Common */ = {
			isa = PBXGroup;
			children = (
				D68DAF921AC4CACD00838E7E /* Constants.h */,
				D68DAF931AC4CACD00838E7E /* Constants.m */,
				D63F0D731AC9F6F80067C5EE /* DataStore.h */,
				D63F0D741AC9F6F80067C5EE /* DataStore.m */,
				D63F0D9B1ACCEB420067C5EE /* JYServiceCategory.h */,
				D63F0D9C1ACCEB420067C5EE /* JYServiceCategory.m */,
				D6348D351ADB7ABC0002BC35 /* NSMutableDictionary+Joyy.h */,
				D6348D361ADB7ABC0002BC35 /* NSMutableDictionary+Joyy.m */,
				D6348D2D1ADB4DD60002BC35 /* NSString+Joyy.h */,
				D6348D2E1ADB4DD60002BC35 /* NSString+Joyy.m */,
				D63B69A71AC51302005600A9 /* UIFont+Joyy.h */,
				D63B69A81AC51302005600A9 /* UIFont+Joyy.m */,
				D63F0DA01ACD08260067C5EE /* UIColor+Joyy.h */,
				D63F0DA11ACD08260067C5EE /* UIColor+Joyy.m */,
				D689ED681AE42C8300CB4D2B /* UIView+Joyy.h */,
				D689ED691AE42C8300CB4D2B /* UIView+Joyy.m */,
			);
			name = Common;
			sourceTree = "<group>";
		};
		D68DAF9A1AC4CD1800838E7E /* User */ = {
			isa = PBXGroup;
			children = (
				D63F0D7B1ACA5E260067C5EE /* JYSignViewController.h */,
				D63F0D7C1ACA5E260067C5EE /* JYSignViewController.m */,
				D63B69B01AC51D61005600A9 /* JYSignBaseViewController.h */,
				D63B69B11AC51D61005600A9 /* JYSignBaseViewController.m */,
				D68DAF941AC4CACD00838E7E /* JYSignInViewController.h */,
				D68DAF951AC4CACD00838E7E /* JYSignInViewController.m */,
				D63F0D531AC7ACB70067C5EE /* JYSignUpViewController.h */,
				D63F0D541AC7ACB70067C5EE /* JYSignUpViewController.m */,
			);
			name = User;
			sourceTree = "<group>";
		};
		D69202A31AC4C7C0001C1C3D = {
			isa = PBXGroup;
			children = (
				D69202AE1AC4C7C0001C1C3D /* joyyios */,
				D69202CB1AC4C7C1001C1C3D /* joyyiosTests */,
				D69202AD1AC4C7C0001C1C3D /* Products */,
				BAFC25926427497A2BE7F7A7 /* Pods */,
				E8953528E7D4E03D9881458B /* Frameworks */,
			);
			sourceTree = "<group>";
		};
		D69202AD1AC4C7C0001C1C3D /* Products */ = {
			isa = PBXGroup;
			children = (
				D69202AC1AC4C7C0001C1C3D /* joyyios.app */,
				D69202C81AC4C7C1001C1C3D /* joyyiosTests.xctest */,
			);
			name = Products;
			sourceTree = "<group>";
		};
		D69202AE1AC4C7C0001C1C3D /* joyyios */ = {
			isa = PBXGroup;
			children = (
				D679F03F1B320EEA004F1C37 /* joyyios.entitlements */,
				D6F4A04F1AF6A12D001A3C89 /* AppConst.h */,
				D6F4A0501AF6A156001A3C89 /* AppConst.m */,
				D69202B31AC4C7C0001C1C3D /* AppDelegate.h */,
				D69202B41AC4C7C0001C1C3D /* AppDelegate.m */,
				D68DAF991AC4CD0800838E7E /* Common */,
				D63B69AB1AC5184D005600A9 /* Components */,
				D6C82B611B1252FE00876F57 /* Model */,
				D63F0D871ACBBDF30067C5EE /* Order */,
				D68DAF9A1AC4CD1800838E7E /* User */,
				D69202BF1AC4C7C0001C1C3D /* Images.xcassets */,
				D69202C11AC4C7C0001C1C3D /* LaunchScreen.xib */,
				D69202AF1AC4C7C0001C1C3D /* Supporting Files */,
			);
			path = joyyios;
			sourceTree = "<group>";
		};
		D69202AF1AC4C7C0001C1C3D /* Supporting Files */ = {
			isa = PBXGroup;
			children = (
				D68DAF981AC4CB0900838E7E /* Prefix.pch */,
				D69202B01AC4C7C0001C1C3D /* Info.plist */,
				D69202B11AC4C7C0001C1C3D /* main.m */,
			);
			name = "Supporting Files";
			sourceTree = "<group>";
		};
		D69202CB1AC4C7C1001C1C3D /* joyyiosTests */ = {
			isa = PBXGroup;
			children = (
				D69202CE1AC4C7C1001C1C3D /* joyyiosTests.m */,
				D69202CC1AC4C7C1001C1C3D /* Supporting Files */,
			);
			path = joyyiosTests;
			sourceTree = "<group>";
		};
		D69202CC1AC4C7C1001C1C3D /* Supporting Files */ = {
			isa = PBXGroup;
			children = (
				D69202CD1AC4C7C1001C1C3D /* Info.plist */,
			);
			name = "Supporting Files";
			sourceTree = "<group>";
		};
		D6C82B611B1252FE00876F57 /* Model */ = {
			isa = PBXGroup;
			children = (
				D6C82B631B12551500876F57 /* JYBid.h */,
				D6C82B641B12551500876F57 /* JYBid.m */,
				D6C82B671B12553D00876F57 /* JYComment.h */,
				D6C82B681B12553D00876F57 /* JYComment.m */,
				D6B2F08B1AD714DA009601B0 /* JYOrder.h */,
				D6B2F08C1AD714DA009601B0 /* JYOrder.m */,
				D63F0D6F1AC9EC060067C5EE /* JYUser.h */,
				D63F0D701AC9EC060067C5EE /* JYUser.m */,
			);
			name = Model;
			sourceTree = "<group>";
		};
		D6F4A0561AF6DF5A001A3C89 /* My */ = {
			isa = PBXGroup;
			children = (
				D6C82B711B13EB1100876F57 /* JYOrdersBaseViewController.h */,
				D6C82B721B13EB1100876F57 /* JYOrdersBaseViewController.m */,
				D65AFA5C1AEC715D007867D0 /* JYOrdersUnpaidViewController.h */,
				D65AFA5D1AEC715D007867D0 /* JYOrdersUnpaidViewController.m */,
			);
			name = My;
			sourceTree = "<group>";
		};
		E8953528E7D4E03D9881458B /* Frameworks */ = {
			isa = PBXGroup;
			children = (
				D63F0DA41ACD16190067C5EE /* CoreLocation.framework */,
				D63F0D991ACC96230067C5EE /* MapKit.framework */,
				8E034C4F8FC61E210B60EDCC /* libPods.a */,
			);
			name = Frameworks;
			sourceTree = "<group>";
		};
/* End PBXGroup section */

/* Begin PBXNativeTarget section */
		D69202AB1AC4C7C0001C1C3D /* joyyios */ = {
			isa = PBXNativeTarget;
			buildConfigurationList = D69202D21AC4C7C1001C1C3D /* Build configuration list for PBXNativeTarget "joyyios" */;
			buildPhases = (
				78C5DADA68BB4B1A61ED6707 /* Check Pods Manifest.lock */,
				D69202A81AC4C7C0001C1C3D /* Sources */,
				D69202A91AC4C7C0001C1C3D /* Frameworks */,
				D69202AA1AC4C7C0001C1C3D /* Resources */,
				F05F6610E5D108EE1BB091B1 /* Copy Pods Resources */,
			);
			buildRules = (
			);
			dependencies = (
			);
			name = joyyios;
			productName = joyyios;
			productReference = D69202AC1AC4C7C0001C1C3D /* joyyios.app */;
			productType = "com.apple.product-type.application";
		};
		D69202C71AC4C7C1001C1C3D /* joyyiosTests */ = {
			isa = PBXNativeTarget;
			buildConfigurationList = D69202D51AC4C7C1001C1C3D /* Build configuration list for PBXNativeTarget "joyyiosTests" */;
			buildPhases = (
				477902B1FC156F46C902BA80 /* Check Pods Manifest.lock */,
				D69202C41AC4C7C1001C1C3D /* Sources */,
				D69202C51AC4C7C1001C1C3D /* Frameworks */,
				D69202C61AC4C7C1001C1C3D /* Resources */,
				26935E602DC75A73355956DF /* Copy Pods Resources */,
			);
			buildRules = (
			);
			dependencies = (
				D69202CA1AC4C7C1001C1C3D /* PBXTargetDependency */,
			);
			name = joyyiosTests;
			productName = joyyiosTests;
			productReference = D69202C81AC4C7C1001C1C3D /* joyyiosTests.xctest */;
			productType = "com.apple.product-type.bundle.unit-test";
		};
/* End PBXNativeTarget section */

/* Begin PBXProject section */
		D69202A41AC4C7C0001C1C3D /* Project object */ = {
			isa = PBXProject;
			attributes = {
				LastUpgradeCheck = 0620;
				ORGANIZATIONNAME = "Joyy Technologies, Inc";
				TargetAttributes = {
					D69202AB1AC4C7C0001C1C3D = {
						CreatedOnToolsVersion = 6.2;
						DevelopmentTeam = 4F23HD53FY;
						SystemCapabilities = {
							com.apple.Maps.iOS = {
								enabled = 1;
							};
							com.apple.OMC = {
								enabled = 1;
							};
						};
					};
					D69202C71AC4C7C1001C1C3D = {
						CreatedOnToolsVersion = 6.2;
						TestTargetID = D69202AB1AC4C7C0001C1C3D;
					};
				};
			};
			buildConfigurationList = D69202A71AC4C7C0001C1C3D /* Build configuration list for PBXProject "joyyios" */;
			compatibilityVersion = "Xcode 3.2";
			developmentRegion = English;
			hasScannedForEncodings = 0;
			knownRegions = (
				en,
				Base,
			);
			mainGroup = D69202A31AC4C7C0001C1C3D;
			productRefGroup = D69202AD1AC4C7C0001C1C3D /* Products */;
			projectDirPath = "";
			projectRoot = "";
			targets = (
				D69202AB1AC4C7C0001C1C3D /* joyyios */,
				D69202C71AC4C7C1001C1C3D /* joyyiosTests */,
			);
		};
/* End PBXProject section */

/* Begin PBXResourcesBuildPhase section */
		D69202AA1AC4C7C0001C1C3D /* Resources */ = {
			isa = PBXResourcesBuildPhase;
			buildActionMask = 2147483647;
			files = (
				D69202C31AC4C7C0001C1C3D /* LaunchScreen.xib in Resources */,
				D69202C01AC4C7C0001C1C3D /* Images.xcassets in Resources */,
			);
			runOnlyForDeploymentPostprocessing = 0;
		};
		D69202C61AC4C7C1001C1C3D /* Resources */ = {
			isa = PBXResourcesBuildPhase;
			buildActionMask = 2147483647;
			files = (
			);
			runOnlyForDeploymentPostprocessing = 0;
		};
/* End PBXResourcesBuildPhase section */

/* Begin PBXShellScriptBuildPhase section */
		26935E602DC75A73355956DF /* Copy Pods Resources */ = {
			isa = PBXShellScriptBuildPhase;
			buildActionMask = 2147483647;
			files = (
			);
			inputPaths = (
			);
			name = "Copy Pods Resources";
			outputPaths = (
			);
			runOnlyForDeploymentPostprocessing = 0;
			shellPath = /bin/sh;
			shellScript = "\"${SRCROOT}/Pods/Target Support Files/Pods/Pods-resources.sh\"\n";
			showEnvVarsInLog = 0;
		};
		477902B1FC156F46C902BA80 /* Check Pods Manifest.lock */ = {
			isa = PBXShellScriptBuildPhase;
			buildActionMask = 2147483647;
			files = (
			);
			inputPaths = (
			);
			name = "Check Pods Manifest.lock";
			outputPaths = (
			);
			runOnlyForDeploymentPostprocessing = 0;
			shellPath = /bin/sh;
			shellScript = "diff \"${PODS_ROOT}/../Podfile.lock\" \"${PODS_ROOT}/Manifest.lock\" > /dev/null\nif [[ $? != 0 ]] ; then\n    cat << EOM\nerror: The sandbox is not in sync with the Podfile.lock. Run 'pod install' or update your CocoaPods installation.\nEOM\n    exit 1\nfi\n";
			showEnvVarsInLog = 0;
		};
		78C5DADA68BB4B1A61ED6707 /* Check Pods Manifest.lock */ = {
			isa = PBXShellScriptBuildPhase;
			buildActionMask = 2147483647;
			files = (
			);
			inputPaths = (
			);
			name = "Check Pods Manifest.lock";
			outputPaths = (
			);
			runOnlyForDeploymentPostprocessing = 0;
			shellPath = /bin/sh;
			shellScript = "diff \"${PODS_ROOT}/../Podfile.lock\" \"${PODS_ROOT}/Manifest.lock\" > /dev/null\nif [[ $? != 0 ]] ; then\n    cat << EOM\nerror: The sandbox is not in sync with the Podfile.lock. Run 'pod install' or update your CocoaPods installation.\nEOM\n    exit 1\nfi\n";
			showEnvVarsInLog = 0;
		};
		F05F6610E5D108EE1BB091B1 /* Copy Pods Resources */ = {
			isa = PBXShellScriptBuildPhase;
			buildActionMask = 2147483647;
			files = (
			);
			inputPaths = (
			);
			name = "Copy Pods Resources";
			outputPaths = (
			);
			runOnlyForDeploymentPostprocessing = 0;
			shellPath = /bin/sh;
			shellScript = "\"${SRCROOT}/Pods/Target Support Files/Pods/Pods-resources.sh\"\n";
			showEnvVarsInLog = 0;
		};
/* End PBXShellScriptBuildPhase section */

/* Begin PBXSourcesBuildPhase section */
		D69202A81AC4C7C0001C1C3D /* Sources */ = {
			isa = PBXSourcesBuildPhase;
			buildActionMask = 2147483647;
			files = (
				D6F4A0511AF6A156001A3C89 /* AppConst.m in Sources */,
				D68DAF961AC4CACD00838E7E /* Constants.m in Sources */,
				D689ED621AE01F9C00CB4D2B /* JYDateView.m in Sources */,
				D65AFA621AEC791D007867D0 /* JYBidViewCell.m in Sources */,
				D689ED6A1AE42C8300CB4D2B /* UIView+Joyy.m in Sources */,
				D65AFA661AEDEF3D007867D0 /* JYOrderCard.m in Sources */,
				D65AFA731AEF5F3A007867D0 /* UICustomActionSheet.m in Sources */,
				D6C82B731B13EB1100876F57 /* JYOrdersBaseViewController.m in Sources */,
				D6348D271ADA3BC90002BC35 /* JYPriceTextFieldCell.m in Sources */,
				D679F0301B2951D5004F1C37 /* JYFixedLengthRowValidator.m in Sources */,
				D679F0261B1C39BB004F1C37 /* JYFloatLabeledTextFieldCell.m in Sources */,
				D63F0D591AC7CFF20067C5EE /* JYButton.m in Sources */,
				D63F0D8C1ACBBF1F0067C5EE /* JYCollectionViewCell.m in Sources */,
				D63B69BA1AC624F8005600A9 /* JYAutoCompleteDataSource.m in Sources */,
				D63B69B21AC51D61005600A9 /* JYSignBaseViewController.m in Sources */,
				D65F37461B04807D007B534C /* JYCommentViewCell.m in Sources */,
				D6B2F0751AD318B6009601B0 /* JYPanGestureRecognizer.m in Sources */,
				D63F0D751AC9F6F80067C5EE /* DataStore.m in Sources */,
				D6348D371ADB7ABC0002BC35 /* NSMutableDictionary+Joyy.m in Sources */,
				D69202B51AC4C7C0001C1C3D /* AppDelegate.m in Sources */,
				D63F0DA21ACD08260067C5EE /* UIColor+Joyy.m in Sources */,
				D69202B81AC4C7C0001C1C3D /* JYOrderCategoryCollectionViewController.m in Sources */,
				D6C82B551B0D9FAE00876F57 /* JYCommentsViewController.m in Sources */,
				D6B2F05B1ACE630F009601B0 /* JYAutoCompleteTextField.m in Sources */,
				D63F0D711AC9EC060067C5EE /* JYUser.m in Sources */,
				D63F0DAC1ACE56E30067C5EE /* JYPinchGestureRecognizer.m in Sources */,
				D6B2F0631ACF4755009601B0 /* JYOrderCreateDetailsViewController.m in Sources */,
				D6C82B651B12551500876F57 /* JYBid.m in Sources */,
				D6348D2B1ADA4A650002BC35 /* JYRestrictedTextViewCell.m in Sources */,
				D63F0D7D1ACA5E260067C5EE /* JYSignViewController.m in Sources */,
				D6B2F07D1AD44370009601B0 /* JYExpandViewController.m in Sources */,
				D63B69B61AC53BB4005600A9 /* JYFloatLabeledTextField.m in Sources */,
				D6B2F0671AD1B5EC009601B0 /* JYMapDashBoardView.m in Sources */,
				D65AFA5E1AEC715D007867D0 /* JYOrdersUnpaidViewController.m in Sources */,
				D6B2F0851AD5E165009601B0 /* JYPlacesViewCell.m in Sources */,
				D65AFA751AEF5F3A007867D0 /* UIImageEffects.m in Sources */,
				D69202B21AC4C7C0001C1C3D /* main.m in Sources */,
				D6C82B691B12553D00876F57 /* JYComment.m in Sources */,
				D63F0DA81ACDFD1D0067C5EE /* JYPinAnnotationView.m in Sources */,
				D6C82B5C1B0EFDEA00876F57 /* JYCommentTextView.m in Sources */,
				D6348D2F1ADB4DD60002BC35 /* NSString+Joyy.m in Sources */,
				D63F0D9D1ACCEB420067C5EE /* JYServiceCategory.m in Sources */,
				D63F0D551AC7ACB70067C5EE /* JYSignUpViewController.m in Sources */,
				D63B69A91AC51302005600A9 /* UIFont+Joyy.m in Sources */,
				D63F0D971ACC95B00067C5EE /* JYOrderCreateLocationViewController.m in Sources */,
				D68DAF971AC4CACD00838E7E /* JYSignInViewController.m in Sources */,
				D6B2F08D1AD714DA009601B0 /* JYOrder.m in Sources */,
				D6B2F0811AD5A679009601B0 /* JYPlacesViewController.m in Sources */,
			);
			runOnlyForDeploymentPostprocessing = 0;
		};
		D69202C41AC4C7C1001C1C3D /* Sources */ = {
			isa = PBXSourcesBuildPhase;
			buildActionMask = 2147483647;
			files = (
				D63B69AA1AC51302005600A9 /* UIFont+Joyy.m in Sources */,
				D6C82B741B13EB1100876F57 /* JYOrdersBaseViewController.m in Sources */,
				D63F0D721AC9EC060067C5EE /* JYUser.m in Sources */,
				D689ED6B1AE42C8300CB4D2B /* UIView+Joyy.m in Sources */,
				D6C82B6A1B12553D00876F57 /* JYComment.m in Sources */,
				D63F0D8D1ACBBF1F0067C5EE /* JYCollectionViewCell.m in Sources */,
				D6C82B661B12551500876F57 /* JYBid.m in Sources */,
				D65AFA631AEC791D007867D0 /* JYBidViewCell.m in Sources */,
				D6B2F0641ACF4755009601B0 /* JYOrderCreateDetailsViewController.m in Sources */,
				D63F0D561AC7ACB70067C5EE /* JYSignUpViewController.m in Sources */,
				D6B2F0761AD318B6009601B0 /* JYPanGestureRecognizer.m in Sources */,
				D63F0D7E1ACA5E260067C5EE /* JYSignViewController.m in Sources */,
				D63B69BB1AC624F8005600A9 /* JYAutoCompleteDataSource.m in Sources */,
				D679F0311B2951D5004F1C37 /* JYFixedLengthRowValidator.m in Sources */,
				D6B2F0681AD1B5EC009601B0 /* JYMapDashBoardView.m in Sources */,
				D6B2F07E1AD44370009601B0 /* JYExpandViewController.m in Sources */,
				D6348D281ADA3BC90002BC35 /* JYPriceTextFieldCell.m in Sources */,
				D63F0DA91ACDFD1D0067C5EE /* JYPinAnnotationView.m in Sources */,
				D689ED631AE01F9C00CB4D2B /* JYDateView.m in Sources */,
				D63F0D761AC9F6F80067C5EE /* DataStore.m in Sources */,
				D6348D2C1ADA4A650002BC35 /* JYRestrictedTextViewCell.m in Sources */,
				D679F0271B1C39BB004F1C37 /* JYFloatLabeledTextFieldCell.m in Sources */,
				D65F37471B04807D007B534C /* JYCommentViewCell.m in Sources */,
				D6B2F0821AD5A679009601B0 /* JYPlacesViewController.m in Sources */,
				D6B2F05C1ACE630F009601B0 /* JYAutoCompleteTextField.m in Sources */,
				D69202CF1AC4C7C1001C1C3D /* joyyiosTests.m in Sources */,
				D63F0D5A1AC7CFF20067C5EE /* JYButton.m in Sources */,
				D6B2F08E1AD714DA009601B0 /* JYOrder.m in Sources */,
				D63F0D9E1ACCEB420067C5EE /* JYServiceCategory.m in Sources */,
				D6F4A0521AF6A156001A3C89 /* AppConst.m in Sources */,
				D65AFA671AEDEF3D007867D0 /* JYOrderCard.m in Sources */,
				D65AFA5F1AEC715D007867D0 /* JYOrdersUnpaidViewController.m in Sources */,
				D65AFA761AEF5F3A007867D0 /* UIImageEffects.m in Sources */,
				D63F0D981ACC95B00067C5EE /* JYOrderCreateLocationViewController.m in Sources */,
				D63F0DA31ACD08260067C5EE /* UIColor+Joyy.m in Sources */,
				D6B2F0861AD5E165009601B0 /* JYPlacesViewCell.m in Sources */,
				D65AFA741AEF5F3A007867D0 /* UICustomActionSheet.m in Sources */,
				D63B69B31AC51D61005600A9 /* JYSignBaseViewController.m in Sources */,
				D6348D301ADB4DD60002BC35 /* NSString+Joyy.m in Sources */,
				D6C82B5D1B0EFDEA00876F57 /* JYCommentTextView.m in Sources */,
				D63B69B71AC53BB4005600A9 /* JYFloatLabeledTextField.m in Sources */,
				D6C82B561B0D9FAE00876F57 /* JYCommentsViewController.m in Sources */,
				D6348D381ADB7ABC0002BC35 /* NSMutableDictionary+Joyy.m in Sources */,
				D63F0DAD1ACE56E30067C5EE /* JYPinchGestureRecognizer.m in Sources */,
			);
			runOnlyForDeploymentPostprocessing = 0;
		};
/* End PBXSourcesBuildPhase section */

/* Begin PBXTargetDependency section */
		D69202CA1AC4C7C1001C1C3D /* PBXTargetDependency */ = {
			isa = PBXTargetDependency;
			target = D69202AB1AC4C7C0001C1C3D /* joyyios */;
			targetProxy = D69202C91AC4C7C1001C1C3D /* PBXContainerItemProxy */;
		};
/* End PBXTargetDependency section */

/* Begin PBXVariantGroup section */
		D69202C11AC4C7C0001C1C3D /* LaunchScreen.xib */ = {
			isa = PBXVariantGroup;
			children = (
				D69202C21AC4C7C0001C1C3D /* Base */,
			);
			name = LaunchScreen.xib;
			sourceTree = "<group>";
		};
/* End PBXVariantGroup section */

/* Begin XCBuildConfiguration section */
		D69202D01AC4C7C1001C1C3D /* Debug */ = {
			isa = XCBuildConfiguration;
			buildSettings = {
				ALWAYS_SEARCH_USER_PATHS = NO;
				CLANG_CXX_LANGUAGE_STANDARD = "gnu++0x";
				CLANG_CXX_LIBRARY = "libc++";
				CLANG_ENABLE_MODULES = YES;
				CLANG_ENABLE_OBJC_ARC = YES;
				CLANG_WARN_BOOL_CONVERSION = YES;
				CLANG_WARN_CONSTANT_CONVERSION = YES;
				CLANG_WARN_DIRECT_OBJC_ISA_USAGE = YES_ERROR;
				CLANG_WARN_EMPTY_BODY = YES;
				CLANG_WARN_ENUM_CONVERSION = YES;
				CLANG_WARN_INT_CONVERSION = YES;
				CLANG_WARN_OBJC_ROOT_CLASS = YES_ERROR;
				CLANG_WARN_UNREACHABLE_CODE = YES;
				CLANG_WARN__DUPLICATE_METHOD_MATCH = YES;
				CODE_SIGN_IDENTITY = "iPhone Developer: Ping Yang (77642C5MHN)";
				"CODE_SIGN_IDENTITY[sdk=iphoneos*]" = "iPhone Developer: Ping Yang (77642C5MHN)";
				COPY_PHASE_STRIP = NO;
				ENABLE_STRICT_OBJC_MSGSEND = YES;
				GCC_C_LANGUAGE_STANDARD = gnu99;
				GCC_DYNAMIC_NO_PIC = NO;
				GCC_OPTIMIZATION_LEVEL = 0;
				GCC_PREPROCESSOR_DEFINITIONS = (
					"DEBUG=1",
					"$(inherited)",
				);
				"GCC_PREPROCESSOR_DEFINITIONS[arch=*]" = STRIPE_ENABLE_APPLEPAY;
				GCC_SYMBOLS_PRIVATE_EXTERN = NO;
				GCC_WARN_64_TO_32_BIT_CONVERSION = YES;
				GCC_WARN_ABOUT_RETURN_TYPE = YES_ERROR;
				GCC_WARN_UNDECLARED_SELECTOR = YES;
				GCC_WARN_UNINITIALIZED_AUTOS = YES_AGGRESSIVE;
				GCC_WARN_UNUSED_FUNCTION = YES;
				GCC_WARN_UNUSED_VARIABLE = YES;
				IPHONEOS_DEPLOYMENT_TARGET = 7.0;
				MTL_ENABLE_DEBUG_INFO = YES;
				ONLY_ACTIVE_ARCH = YES;
				SDKROOT = iphoneos;
			};
			name = Debug;
		};
		D69202D11AC4C7C1001C1C3D /* Release */ = {
			isa = XCBuildConfiguration;
			buildSettings = {
				ALWAYS_SEARCH_USER_PATHS = NO;
				CLANG_CXX_LANGUAGE_STANDARD = "gnu++0x";
				CLANG_CXX_LIBRARY = "libc++";
				CLANG_ENABLE_MODULES = YES;
				CLANG_ENABLE_OBJC_ARC = YES;
				CLANG_WARN_BOOL_CONVERSION = YES;
				CLANG_WARN_CONSTANT_CONVERSION = YES;
				CLANG_WARN_DIRECT_OBJC_ISA_USAGE = YES_ERROR;
				CLANG_WARN_EMPTY_BODY = YES;
				CLANG_WARN_ENUM_CONVERSION = YES;
				CLANG_WARN_INT_CONVERSION = YES;
				CLANG_WARN_OBJC_ROOT_CLASS = YES_ERROR;
				CLANG_WARN_UNREACHABLE_CODE = YES;
				CLANG_WARN__DUPLICATE_METHOD_MATCH = YES;
				CODE_SIGN_IDENTITY = "iPhone Developer: Ping Yang (77642C5MHN)";
				"CODE_SIGN_IDENTITY[sdk=iphoneos*]" = "iPhone Developer: Ping Yang (77642C5MHN)";
				COPY_PHASE_STRIP = NO;
				ENABLE_NS_ASSERTIONS = NO;
				ENABLE_STRICT_OBJC_MSGSEND = YES;
				GCC_C_LANGUAGE_STANDARD = gnu99;
				"GCC_PREPROCESSOR_DEFINITIONS[arch=*]" = STRIPE_ENABLE_APPLEPAY;
				GCC_WARN_64_TO_32_BIT_CONVERSION = YES;
				GCC_WARN_ABOUT_RETURN_TYPE = YES_ERROR;
				GCC_WARN_UNDECLARED_SELECTOR = YES;
				GCC_WARN_UNINITIALIZED_AUTOS = YES_AGGRESSIVE;
				GCC_WARN_UNUSED_FUNCTION = YES;
				GCC_WARN_UNUSED_VARIABLE = YES;
				IPHONEOS_DEPLOYMENT_TARGET = 7.0;
				MTL_ENABLE_DEBUG_INFO = NO;
				SDKROOT = iphoneos;
				VALIDATE_PRODUCT = YES;
			};
			name = Release;
		};
		D69202D31AC4C7C1001C1C3D /* Debug */ = {
			isa = XCBuildConfiguration;
			baseConfigurationReference = 47240DA3592328D7C382C992 /* Pods.debug.xcconfig */;
			buildSettings = {
				ASSETCATALOG_COMPILER_APPICON_NAME = AppIcon;
				CODE_SIGN_ENTITLEMENTS = joyyios/joyyios.entitlements;
				CODE_SIGN_IDENTITY = "iPhone Developer";
				"CODE_SIGN_IDENTITY[sdk=iphoneos*]" = "iPhone Developer";
				FRAMEWORK_SEARCH_PATHS = (
					"$(inherited)",
					"$(PROJECT_DIR)",
				);
				GCC_PREFIX_HEADER = Prefix.pch;
				INFOPLIST_FILE = joyyios/Info.plist;
				LD_RUNPATH_SEARCH_PATHS = "$(inherited) @executable_path/Frameworks";
				PRODUCT_NAME = "$(TARGET_NAME)";
				PROVISIONING_PROFILE = "";
			};
			name = Debug;
		};
		D69202D41AC4C7C1001C1C3D /* Release */ = {
			isa = XCBuildConfiguration;
			baseConfigurationReference = F67CA15F6F0CAF970CBFB660 /* Pods.release.xcconfig */;
			buildSettings = {
				ASSETCATALOG_COMPILER_APPICON_NAME = AppIcon;
				CODE_SIGN_ENTITLEMENTS = joyyios/joyyios.entitlements;
				CODE_SIGN_IDENTITY = "iPhone Developer";
				"CODE_SIGN_IDENTITY[sdk=iphoneos*]" = "iPhone Developer";
				FRAMEWORK_SEARCH_PATHS = (
					"$(inherited)",
					"$(PROJECT_DIR)",
				);
				GCC_PREFIX_HEADER = Prefix.pch;
				INFOPLIST_FILE = joyyios/Info.plist;
				LD_RUNPATH_SEARCH_PATHS = "$(inherited) @executable_path/Frameworks";
				PRODUCT_NAME = "$(TARGET_NAME)";
				PROVISIONING_PROFILE = "";
			};
			name = Release;
		};
		D69202D61AC4C7C1001C1C3D /* Debug */ = {
			isa = XCBuildConfiguration;
			baseConfigurationReference = 47240DA3592328D7C382C992 /* Pods.debug.xcconfig */;
			buildSettings = {
				BUNDLE_LOADER = "$(TEST_HOST)";
				FRAMEWORK_SEARCH_PATHS = (
					"$(SDKROOT)/Developer/Library/Frameworks",
					"$(inherited)",
					"$(PROJECT_DIR)",
				);
				GCC_PREFIX_HEADER = Prefix.pch;
				GCC_PREPROCESSOR_DEFINITIONS = (
					"DEBUG=1",
					"$(inherited)",
				);
				INFOPLIST_FILE = joyyiosTests/Info.plist;
				LD_RUNPATH_SEARCH_PATHS = "$(inherited) @executable_path/Frameworks @loader_path/Frameworks";
				PRODUCT_NAME = "$(TARGET_NAME)";
				TEST_HOST = "$(BUILT_PRODUCTS_DIR)/joyyios.app/joyyios";
			};
			name = Debug;
		};
		D69202D71AC4C7C1001C1C3D /* Release */ = {
			isa = XCBuildConfiguration;
			baseConfigurationReference = F67CA15F6F0CAF970CBFB660 /* Pods.release.xcconfig */;
			buildSettings = {
				BUNDLE_LOADER = "$(TEST_HOST)";
				FRAMEWORK_SEARCH_PATHS = (
					"$(SDKROOT)/Developer/Library/Frameworks",
					"$(inherited)",
					"$(PROJECT_DIR)",
				);
				GCC_PREFIX_HEADER = Prefix.pch;
				INFOPLIST_FILE = joyyiosTests/Info.plist;
				LD_RUNPATH_SEARCH_PATHS = "$(inherited) @executable_path/Frameworks @loader_path/Frameworks";
				PRODUCT_NAME = "$(TARGET_NAME)";
				TEST_HOST = "$(BUILT_PRODUCTS_DIR)/joyyios.app/joyyios";
			};
			name = Release;
		};
/* End XCBuildConfiguration section */

/* Begin XCConfigurationList section */
		D69202A71AC4C7C0001C1C3D /* Build configuration list for PBXProject "joyyios" */ = {
			isa = XCConfigurationList;
			buildConfigurations = (
				D69202D01AC4C7C1001C1C3D /* Debug */,
				D69202D11AC4C7C1001C1C3D /* Release */,
			);
			defaultConfigurationIsVisible = 0;
			defaultConfigurationName = Release;
		};
		D69202D21AC4C7C1001C1C3D /* Build configuration list for PBXNativeTarget "joyyios" */ = {
			isa = XCConfigurationList;
			buildConfigurations = (
				D69202D31AC4C7C1001C1C3D /* Debug */,
				D69202D41AC4C7C1001C1C3D /* Release */,
			);
			defaultConfigurationIsVisible = 0;
			defaultConfigurationName = Release;
		};
		D69202D51AC4C7C1001C1C3D /* Build configuration list for PBXNativeTarget "joyyiosTests" */ = {
			isa = XCConfigurationList;
			buildConfigurations = (
				D69202D61AC4C7C1001C1C3D /* Debug */,
				D69202D71AC4C7C1001C1C3D /* Release */,
			);
			defaultConfigurationIsVisible = 0;
			defaultConfigurationName = Release;
		};
/* End XCConfigurationList section */
	};
	rootObject = D69202A41AC4C7C0001C1C3D /* Project object */;
}
